// !$*UTF8*$!
{
	archiveVersion = 1;
	classes = {
	};
	objectVersion = 50;
	objects = {

/* Begin PBXBuildFile section */
		35A6326F213D54AF00DF153C /* AppDelegate.m in Sources */ = {isa = PBXBuildFile; fileRef = 35A6326E213D54AF00DF153C /* AppDelegate.m */; };
		35A63272213D54AF00DF153C /* ViewController.m in Sources */ = {isa = PBXBuildFile; fileRef = 35A63271213D54AF00DF153C /* ViewController.m */; };
		35A63275213D54AF00DF153C /* Main.storyboard in Resources */ = {isa = PBXBuildFile; fileRef = 35A63273213D54AF00DF153C /* Main.storyboard */; };
		35A63277213D54B100DF153C /* Assets.xcassets in Resources */ = {isa = PBXBuildFile; fileRef = 35A63276213D54B100DF153C /* Assets.xcassets */; };
		35A6327A213D54B100DF153C /* LaunchScreen.storyboard in Resources */ = {isa = PBXBuildFile; fileRef = 35A63278213D54B100DF153C /* LaunchScreen.storyboard */; };
		35A6327D213D54B100DF153C /* main.m in Sources */ = {isa = PBXBuildFile; fileRef = 35A6327C213D54B100DF153C /* main.m */; };
		35A63285213D54C500DF153C /* DataBaseMgr.m in Sources */ = {isa = PBXBuildFile; fileRef = 35A63284213D54C500DF153C /* DataBaseMgr.m */; };
/* End PBXBuildFile section */

/* Begin PBXFileReference section */
		35A6326A213D54AF00DF153C /* Sqlite3Demo.app */ = {isa = PBXFileReference; explicitFileType = wrapper.application; includeInIndex = 0; path = Sqlite3Demo.app; sourceTree = BUILT_PRODUCTS_DIR; };
		35A6326D213D54AF00DF153C /* AppDelegate.h */ = {isa = PBXFileReference; lastKnownFileType = sourcecode.c.h; path = AppDelegate.h; sourceTree = "<group>"; };
		35A6326E213D54AF00DF153C /* AppDelegate.m */ = {isa = PBXFileReference; lastKnownFileType = sourcecode.c.objc; path = AppDelegate.m; sourceTree = "<group>"; };
		35A63270213D54AF00DF153C /* ViewController.h */ = {isa = PBXFileReference; lastKnownFileType = sourcecode.c.h; path = ViewController.h; sourceTree = "<group>"; };
		35A63271213D54AF00DF153C /* ViewController.m */ = {isa = PBXFileReference; lastKnownFileType = sourcecode.c.objc; path = ViewController.m; sourceTree = "<group>"; };
		35A63274213D54AF00DF153C /* Base */ = {isa = PBXFileReference; lastKnownFileType = file.storyboard; name = Base; path = Base.lproj/Main.storyboard; sourceTree = "<group>"; };
		35A63276213D54B100DF153C /* Assets.xcassets */ = {isa = PBXFileReference; lastKnownFileType = folder.assetcatalog; path = Assets.xcassets; sourceTree = "<group>"; };
		35A63279213D54B100DF153C /* Base */ = {isa = PBXFileReference; lastKnownFileType = file.storyboard; name = Base; path = Base.lproj/LaunchScreen.storyboard; sourceTree = "<group>"; };
		35A6327B213D54B100DF153C /* Info.plist */ = {isa = PBXFileReference; lastKnownFileType = text.plist.xml; path = Info.plist; sourceTree = "<group>"; };
		35A6327C213D54B100DF153C /* main.m */ = {isa = PBXFileReference; lastKnownFileType = sourcecode.c.objc; path = main.m; sourceTree = "<group>"; };
		35A63283213D54C500DF153C /* DataBaseMgr.h */ = {isa = PBXFileReference; lastKnownFileType = sourcecode.c.h; path = DataBaseMgr.h; sourceTree = "<group>"; };
		35A63284213D54C500DF153C /* DataBaseMgr.m */ = {isa = PBXFileReference; lastKnownFileType = sourcecode.c.objc; path = DataBaseMgr.m; sourceTree = "<group>"; };
/* End PBXFileReference section */

/* Begin PBXFrameworksBuildPhase section */
		35A63267213D54AF00DF153C /* Frameworks */ = {
			isa = PBXFrameworksBuildPhase;
			buildActionMask = 2147483647;
			files = (
			);
			runOnlyForDeploymentPostprocessing = 0;
		};
/* End PBXFrameworksBuildPhase section */

/* Begin PBXGroup section */
		35A63261213D54AF00DF153C = {
			isa = PBXGroup;
			children = (
				35A6326C213D54AF00DF153C /* Sqlite3Demo */,
				35A6326B213D54AF00DF153C /* Products */,
			);
			sourceTree = "<group>";
		};
		35A6326B213D54AF00DF153C /* Products */ = {
			isa = PBXGroup;
			children = (
				35A6326A213D54AF00DF153C /* Sqlite3Demo.app */,
			);
			name = Products;
			sourceTree = "<group>";
		};
		35A6326C213D54AF00DF153C /* Sqlite3Demo */ = {
			isa = PBXGroup;
			children = (
				35A63283213D54C500DF153C /* DataBaseMgr.h */,
				35A63284213D54C500DF153C /* DataBaseMgr.m */,
				35A6326D213D54AF00DF153C /* AppDelegate.h */,
				35A6326E213D54AF00DF153C /* AppDelegate.m */,
				35A63270213D54AF00DF153C /* ViewController.h */,
				35A63271213D54AF00DF153C /* ViewController.m */,
				35A63273213D54AF00DF153C /* Main.storyboard */,
				35A63276213D54B100DF153C /* Assets.xcassets */,
				35A63278213D54B100DF153C /* LaunchScreen.storyboard */,
				35A6327B213D54B100DF153C /* Info.plist */,
				35A6327C213D54B100DF153C /* main.m */,
			);
			path = Sqlite3Demo;
			sourceTree = "<group>";
		};
/* End PBXGroup section */

/* Begin PBXNativeTarget section */
		35A63269213D54AF00DF153C /* Sqlite3Demo */ = {
			isa = PBXNativeTarget;
			buildConfigurationList = 35A63280213D54B100DF153C /* Build configuration list for PBXNativeTarget "Sqlite3Demo" */;
			buildPhases = (
				35A63266213D54AF00DF153C /* Sources */,
				35A63267213D54AF00DF153C /* Frameworks */,
				35A63268213D54AF00DF153C /* Resources */,
			);
			buildRules = (
			);
			dependencies = (
			);
			name = Sqlite3Demo;
			productName = Sqlite3Demo;
			productReference = 35A6326A213D54AF00DF153C /* Sqlite3Demo.app */;
			productType = "com.apple.product-type.application";
		};
/* End PBXNativeTarget section */

/* Begin PBXProject section */
		35A63262213D54AF00DF153C /* Project object */ = {
			isa = PBXProject;
			attributes = {
				LastUpgradeCheck = 0940;
				ORGANIZATIONNAME = wz;
				TargetAttributes = {
					35A63269213D54AF00DF153C = {
						CreatedOnToolsVersion = 9.4;
					};
				};
			};
			buildConfigurationList = 35A63265213D54AF00DF153C /* Build configuration list for PBXProject "Sqlite3Demo" */;
			compatibilityVersion = "Xcode 9.3";
			developmentRegion = en;
			hasScannedForEncodings = 0;
			knownRegions = (
				en,
				Base,
			);
			mainGroup = 35A63261213D54AF00DF153C;
			productRefGroup = 35A6326B213D54AF00DF153C /* Products */;
			projectDirPath = "";
			projectRoot = "";
			targets = (
				35A63269213D54AF00DF153C /* Sqlite3Demo */,
			);
		};
/* End PBXProject section */

/* Begin PBXResourcesBuildPhase section */
		35A63268213D54AF00DF153C /* Resources */ = {
			isa = PBXResourcesBuildPhase;
			buildActionMask = 2147483647;
			files = (
				35A6327A213D54B100DF153C /* LaunchScreen.storyboard in Resources */,
				35A63277213D54B100DF153C /* Assets.xcassets in Resources */,
				35A63275213D54AF00DF153C /* Main.storyboard in Resources */,
			);
			runOnlyForDeploymentPostprocessing = 0;
		};
/* End PBXResourcesBuildPhase section */

/* Begin PBXSourcesBuildPhase section */
		35A63266213D54AF00DF153C /* Sources */ = {
			isa = PBXSourcesBuildPhase;
			buildActionMask = 2147483647;
			files = (
				35A63272213D54AF00DF153C /* ViewController.m in Sources */,
				35A6327D213D54B100DF153C /* main.m in Sources */,
				35A6326F213D54AF00DF153C /* AppDelegate.m in Sources */,
				35A63285213D54C500DF153C /* DataBaseMgr.m in Sources */,
			);
			runOnlyForDeploymentPostprocessing = 0;
		};
/* End PBXSourcesBuildPhase section */

/* Begin PBXVariantGroup section */
		35A63273213D54AF00DF153C /* Main.storyboard */ = {
			isa = PBXVariantGroup;
			children = (
				35A63274213D54AF00DF153C /* Base */,
			);
			name = Main.storyboard;
			sourceTree = "<group>";
		};
		35A63278213D54B100DF153C /* LaunchScreen.storyboard */ = {
			isa = PBXVariantGroup;
			children = (
				35A63279213D54B100DF153C /* Base */,
			);
			name = LaunchScreen.storyboard;
			sourceTree = "<group>";
		};
/* End PBXVariantGroup section */

/* Begin XCBuildConfiguration section */
		35A6327E213D54B100DF153C /* Debug */ = {
			isa = XCBuildConfiguration;
			buildSettings = {
				ALWAYS_SEARCH_USER_PATHS = NO;
				CLANG_ANALYZER_NONNULL = YES;
				CLANG_ANALYZER_NUMBER_OBJECT_CONVERSION = YES_AGGRESSIVE;
				CLANG_CXX_LANGUAGE_STANDARD = "gnu++14";
				CLANG_CXX_LIBRARY = "libc++";
				CLANG_ENABLE_MODULES = YES;
				CLANG_ENABLE_OBJC_ARC = YES;
				CLANG_ENABLE_OBJC_WEAK = YES;
				CLANG_WARN_BLOCK_CAPTURE_AUTORELEASING = YES;
				CLANG_WARN_BOOL_CONVERSION = YES;
				CLANG_WARN_COMMA = YES;
				CLANG_WARN_CONSTANT_CONVERSION = YES;
				CLANG_WARN_DEPRECATED_OBJC_IMPLEMENTATIONS = YES;
				CLANG_WARN_DIRECT_OBJC_ISA_USAGE = YES_ERROR;
				CLANG_WARN_DOCUMENTATION_COMMENTS = YES;
				CLANG_WARN_EMPTY_BODY = YES;
				CLANG_WARN_ENUM_CONVERSION = YES;
				CLANG_WARN_INFINITE_RECURSION = YES;
				CLANG_WARN_INT_CONVERSION = YES;
				CLANG_WARN_NON_LITERAL_NULL_CONVERSION = YES;
				CLANG_WARN_OBJC_IMPLICIT_RETAIN_SELF = YES;
				CLANG_WARN_OBJC_LITERAL_CONVERSION = YES;
				CLANG_WARN_OBJC_ROOT_CLASS = YES_ERROR;
				CLANG_WARN_RANGE_LOOP_ANALYSIS = YES;
				CLANG_WARN_STRICT_PROTOTYPES = YES;
				CLANG_WARN_SUSPICIOUS_MOVE = YES;
				CLANG_WARN_UNGUARDED_AVAILABILITY = YES_AGGRESSIVE;
				CLANG_WARN_UNREACHABLE_CODE = YES;
				CLANG_WARN__DUPLICATE_METHOD_MATCH = YES;
				CODE_SIGN_IDENTITY = "iPhone Developer";
				COPY_PHASE_STRIP = NO;
				DEBUG_INFORMATION_FORMAT = dwarf;
				ENABLE_STRICT_OBJC_MSGSEND = YES;
				ENABLE_TESTABILITY = YES;
				GCC_C_LANGUAGE_STANDARD = gnu11;
				GCC_DYNAMIC_NO_PIC = NO;
				GCC_NO_COMMON_BLOCKS = YES;
				GCC_OPTIMIZATION_LEVEL = 0;
				GCC_PREPROCESSOR_DEFINITIONS = (
					"DEBUG=1",
					"$(inherited)",
				);
				GCC_WARN_64_TO_32_BIT_CONVERSION = YES;
				GCC_WARN_ABOUT_RETURN_TYPE = YES_ERROR;
				GCC_WARN_UNDECLARED_SELECTOR = YES;
				GCC_WARN_UNINITIALIZED_AUTOS = YES_AGGRESSIVE;
				GCC_WARN_UNUSED_FUNCTION = YES;
				GCC_WARN_UNUSED_VARIABLE = YES;
				IPHONEOS_DEPLOYMENT_TARGET = 11.4;
				MTL_ENABLE_DEBUG_INFO = YES;
				ONLY_ACTIVE_ARCH = YES;
				SDKROOT = iphoneos;
			};
			name = Debug;
		};
		35A6327F213D54B100DF153C /* Release */ = {
			isa = XCBuildConfiguration;
			buildSettings = {
				ALWAYS_SEARCH_USER_PATHS = NO;
				CLANG_ANALYZER_NONNULL = YES;
				CLANG_ANALYZER_NUMBER_OBJECT_CONVERSION = YES_AGGRESSIVE;
				CLANG_CXX_LANGUAGE_STANDARD = "gnu++14";
				CLANG_CXX_LIBRARY = "libc++";
				CLANG_ENABLE_MODULES = YES;
				CLANG_ENABLE_OBJC_ARC = YES;
				CLANG_ENABLE_OBJC_WEAK = YES;
				CLANG_WARN_BLOCK_CAPTURE_AUTORELEASING = YES;
				CLANG_WARN_BOOL_CONVERSION = YES;
				CLANG_WARN_COMMA = YES;
				CLANG_WARN_CONSTANT_CONVERSION = YES;
				CLANG_WARN_DEPRECATED_OBJC_IMPLEMENTATIONS = YES;
				CLANG_WARN_DIRECT_OBJC_ISA_USAGE = YES_ERROR;
				CLANG_WARN_DOCUMENTATION_COMMENTS = YES;
				CLANG_WARN_EMPTY_BODY = YES;
				CLANG_WARN_ENUM_CONVERSION = YES;
				CLANG_WARN_INFINITE_RECURSION = YES;
				CLANG_WARN_INT_CONVERSION = YES;
				CLANG_WARN_NON_LITERAL_NULL_CONVERSION = YES;
				CLANG_WARN_OBJC_IMPLICIT_RETAIN_SELF = YES;
				CLANG_WARN_OBJC_LITERAL_CONVERSION = YES;
				CLANG_WARN_OBJC_ROOT_CLASS = YES_ERROR;
				CLANG_WARN_RANGE_LOOP_ANALYSIS = YES;
				CLANG_WARN_STRICT_PROTOTYPES = YES;
				CLANG_WARN_SUSPICIOUS_MOVE = YES;
				CLANG_WARN_UNGUARDED_AVAILABILITY = YES_AGGRESSIVE;
				CLANG_WARN_UNREACHABLE_CODE = YES;
				CLANG_WARN__DUPLICATE_METHOD_MATCH = YES;
				CODE_SIGN_IDENTITY = "iPhone Developer";
				COPY_PHASE_STRIP = NO;
				DEBUG_INFORMATION_FORMAT = "dwarf-with-dsym";
				ENABLE_NS_ASSERTIONS = NO;
				ENABLE_STRICT_OBJC_MSGSEND = YES;
				GCC_C_LANGUAGE_STANDARD = gnu11;
				GCC_NO_COMMON_BLOCKS = YES;
				GCC_WARN_64_TO_32_BIT_CONVERSION = YES;
				GCC_WARN_ABOUT_RETURN_TYPE = YES_ERROR;
				GCC_WARN_UNDECLARED_SELECTOR = YES;
				GCC_WARN_UNINITIALIZED_AUTOS = YES_AGGRESSIVE;
				GCC_WARN_UNUSED_FUNCTION = YES;
				GCC_WARN_UNUSED_VARIABLE = YES;
				IPHONEOS_DEPLOYMENT_TARGET = 11.4;
				MTL_ENABLE_DEBUG_INFO = NO;
				SDKROOT = iphoneos;
				VALIDATE_PRODUCT = YES;
			};
			name = Release;
		};
		35A63281213D54B100DF153C /* Debug */ = {
			isa = XCBuildConfiguration;
			buildSettings = {
				ASSETCATALOG_COMPILER_APPICON_NAME = AppIcon;
				CODE_SIGN_STYLE = Automatic;
				DEVELOPMENT_TEAM = 65RJX5V69R;
				INFOPLIST_FILE = Sqlite3Demo/Info.plist;
				LD_RUNPATH_SEARCH_PATHS = (
					"$(inherited)",
					"@executable_path/Frameworks",
				);
				PRODUCT_BUNDLE_IDENTIFIER = cc.onezen.Sqlite3Demo;
				PRODUCT_NAME = "$(TARGET_NAME)";
				TARGETED_DEVICE_FAMILY = "1,2";
			};
			name = Debug;
		};
		35A63282213D54B100DF153C /* Release */ = {
			isa = XCBuildConfiguration;
			buildSettings = {
				ASSETCATALOG_COMPILER_APPICON_NAME = AppIcon;
				CODE_SIGN_STYLE = Automatic;
				DEVELOPMENT_TEAM = 65RJX5V69R;
				INFOPLIST_FILE = Sqlite3Demo/Info.plist;
				LD_RUNPATH_SEARCH_PATHS = (
					"$(inherited)",
					"@executable_path/Frameworks",
				);
				PRODUCT_BUNDLE_IDENTIFIER = cc.onezen.Sqlite3Demo;
				PRODUCT_NAME = "$(TARGET_NAME)";
				TARGETED_DEVICE_FAMILY = "1,2";
			};
			name = Release;
		};
/* End XCBuildConfiguration section */

/* Begin XCConfigurationList section */
		35A63265213D54AF00DF153C /* Build configuration list for PBXProject "Sqlite3Demo" */ = {
			isa = XCConfigurationList;
			buildConfigurations = (
				35A6327E213D54B100DF153C /* Debug */,
				35A6327F213D54B100DF153C /* Release */,
			);
			defaultConfigurationIsVisible = 0;
			defaultConfigurationName = Release;
		};
		35A63280213D54B100DF153C /* Build configuration list for PBXNativeTarget "Sqlite3Demo" */ = {
			isa = XCConfigurationList;
			buildConfigurations = (
				35A63281213D54B100DF153C /* Debug */,
				35A63282213D54B100DF153C /* Release */,
			);
			defaultConfigurationIsVisible = 0;
			defaultConfigurationName = Release;
		};
/* End XCConfigurationList section */
	};
	rootObject = 35A63262213D54AF00DF153C /* Project object */;
}
