// !$*UTF8*$!
{
	archiveVersion = 1;
	classes = {
	};
	objectVersion = 48;
	objects = {

/* Begin PBXBuildFile section */
		3531455A1F6911A400A6389F /* AppDelegate.swift in Sources */ = {isa = PBXBuildFile; fileRef = 353145591F6911A400A6389F /* AppDelegate.swift */; };
		3531455C1F6911A400A6389F /* ViewController.swift in Sources */ = {isa = PBXBuildFile; fileRef = 3531455B1F6911A400A6389F /* ViewController.swift */; };
		3531455E1F6911A400A6389F /* Assets.xcassets in Resources */ = {isa = PBXBuildFile; fileRef = 3531455D1F6911A400A6389F /* Assets.xcassets */; };
		353145611F6911A400A6389F /* Main.storyboard in Resources */ = {isa = PBXBuildFile; fileRef = 3531455F1F6911A400A6389F /* Main.storyboard */; };
		3531456C1F69124500A6389F /* DrawView.swift in Sources */ = {isa = PBXBuildFile; fileRef = 3531456B1F69124500A6389F /* DrawView.swift */; };
/* End PBXBuildFile section */

/* Begin PBXFileReference section */
		353145561F6911A400A6389F /* 16.NSView.app */ = {isa = PBXFileReference; explicitFileType = wrapper.application; includeInIndex = 0; path = 16.NSView.app; sourceTree = BUILT_PRODUCTS_DIR; };
		353145591F6911A400A6389F /* AppDelegate.swift */ = {isa = PBXFileReference; lastKnownFileType = sourcecode.swift; path = AppDelegate.swift; sourceTree = "<group>"; };
		3531455B1F6911A400A6389F /* ViewController.swift */ = {isa = PBXFileReference; lastKnownFileType = sourcecode.swift; path = ViewController.swift; sourceTree = "<group>"; };
		3531455D1F6911A400A6389F /* Assets.xcassets */ = {isa = PBXFileReference; lastKnownFileType = folder.assetcatalog; path = Assets.xcassets; sourceTree = "<group>"; };
		353145601F6911A400A6389F /* Base */ = {isa = PBXFileReference; lastKnownFileType = file.storyboard; name = Base; path = Base.lproj/Main.storyboard; sourceTree = "<group>"; };
		353145621F6911A400A6389F /* Info.plist */ = {isa = PBXFileReference; lastKnownFileType = text.plist.xml; path = Info.plist; sourceTree = "<group>"; };
		353145631F6911A400A6389F /* _6_NSView.entitlements */ = {isa = PBXFileReference; lastKnownFileType = text.plist.entitlements; path = _6_NSView.entitlements; sourceTree = "<group>"; };
		3531456B1F69124500A6389F /* DrawView.swift */ = {isa = PBXFileReference; lastKnownFileType = sourcecode.swift; path = DrawView.swift; sourceTree = "<group>"; };
/* End PBXFileReference section */

/* Begin PBXFrameworksBuildPhase section */
		353145531F6911A400A6389F /* Frameworks */ = {
			isa = PBXFrameworksBuildPhase;
			buildActionMask = 2147483647;
			files = (
			);
			runOnlyForDeploymentPostprocessing = 0;
		};
/* End PBXFrameworksBuildPhase section */

/* Begin PBXGroup section */
		3531454D1F6911A400A6389F = {
			isa = PBXGroup;
			children = (
				353145581F6911A400A6389F /* 16.NSView */,
				353145571F6911A400A6389F /* Products */,
			);
			sourceTree = "<group>";
		};
		353145571F6911A400A6389F /* Products */ = {
			isa = PBXGroup;
			children = (
				353145561F6911A400A6389F /* 16.NSView.app */,
			);
			name = Products;
			sourceTree = "<group>";
		};
		353145581F6911A400A6389F /* 16.NSView */ = {
			isa = PBXGroup;
			children = (
				353145591F6911A400A6389F /* AppDelegate.swift */,
				3531455B1F6911A400A6389F /* ViewController.swift */,
				3531456B1F69124500A6389F /* DrawView.swift */,
				3531455D1F6911A400A6389F /* Assets.xcassets */,
				3531455F1F6911A400A6389F /* Main.storyboard */,
				353145621F6911A400A6389F /* Info.plist */,
				353145631F6911A400A6389F /* _6_NSView.entitlements */,
			);
			path = 16.NSView;
			sourceTree = "<group>";
		};
/* End PBXGroup section */

/* Begin PBXNativeTarget section */
		353145551F6911A400A6389F /* 16.NSView */ = {
			isa = PBXNativeTarget;
			buildConfigurationList = 353145661F6911A400A6389F /* Build configuration list for PBXNativeTarget "16.NSView" */;
			buildPhases = (
				353145521F6911A400A6389F /* Sources */,
				353145531F6911A400A6389F /* Frameworks */,
				353145541F6911A400A6389F /* Resources */,
			);
			buildRules = (
			);
			dependencies = (
			);
			name = 16.NSView;
			productName = 16.NSView;
			productReference = 353145561F6911A400A6389F /* 16.NSView.app */;
			productType = "com.apple.product-type.application";
		};
/* End PBXNativeTarget section */

/* Begin PBXProject section */
		3531454E1F6911A400A6389F /* Project object */ = {
			isa = PBXProject;
			attributes = {
				LastSwiftUpdateCheck = 0900;
				LastUpgradeCheck = 0900;
				ORGANIZATIONNAME = cc.onezen;
				TargetAttributes = {
					353145551F6911A400A6389F = {
						CreatedOnToolsVersion = 9.0;
					};
				};
			};
			buildConfigurationList = 353145511F6911A400A6389F /* Build configuration list for PBXProject "16.NSView" */;
			compatibilityVersion = "Xcode 8.0";
			developmentRegion = en;
			hasScannedForEncodings = 0;
			knownRegions = (
				en,
				Base,
			);
			mainGroup = 3531454D1F6911A400A6389F;
			productRefGroup = 353145571F6911A400A6389F /* Products */;
			projectDirPath = "";
			projectRoot = "";
			targets = (
				353145551F6911A400A6389F /* 16.NSView */,
			);
		};
/* End PBXProject section */

/* Begin PBXResourcesBuildPhase section */
		353145541F6911A400A6389F /* Resources */ = {
			isa = PBXResourcesBuildPhase;
			buildActionMask = 2147483647;
			files = (
				3531455E1F6911A400A6389F /* Assets.xcassets in Resources */,
				353145611F6911A400A6389F /* Main.storyboard in Resources */,
			);
			runOnlyForDeploymentPostprocessing = 0;
		};
/* End PBXResourcesBuildPhase section */

/* Begin PBXSourcesBuildPhase section */
		353145521F6911A400A6389F /* Sources */ = {
			isa = PBXSourcesBuildPhase;
			buildActionMask = 2147483647;
			files = (
				3531455C1F6911A400A6389F /* ViewController.swift in Sources */,
				3531455A1F6911A400A6389F /* AppDelegate.swift in Sources */,
				3531456C1F69124500A6389F /* DrawView.swift in Sources */,
			);
			runOnlyForDeploymentPostprocessing = 0;
		};
/* End PBXSourcesBuildPhase section */

/* Begin PBXVariantGroup section */
		3531455F1F6911A400A6389F /* Main.storyboard */ = {
			isa = PBXVariantGroup;
			children = (
				353145601F6911A400A6389F /* Base */,
			);
			name = Main.storyboard;
			sourceTree = "<group>";
		};
/* End PBXVariantGroup section */

/* Begin XCBuildConfiguration section */
		353145641F6911A400A6389F /* Debug */ = {
			isa = XCBuildConfiguration;
			buildSettings = {
				ALWAYS_SEARCH_USER_PATHS = NO;
				CLANG_ANALYZER_NONNULL = YES;
				CLANG_ANALYZER_NUMBER_OBJECT_CONVERSION = YES_AGGRESSIVE;
				CLANG_CXX_LANGUAGE_STANDARD = "gnu++14";
				CLANG_CXX_LIBRARY = "libc++";
				CLANG_ENABLE_MODULES = YES;
				CLANG_ENABLE_OBJC_ARC = YES;
				CLANG_WARN_BLOCK_CAPTURE_AUTORELEASING = YES;
				CLANG_WARN_BOOL_CONVERSION = YES;
				CLANG_WARN_COMMA = YES;
				CLANG_WARN_CONSTANT_CONVERSION = YES;
				CLANG_WARN_DIRECT_OBJC_ISA_USAGE = YES_ERROR;
				CLANG_WARN_DOCUMENTATION_COMMENTS = YES;
				CLANG_WARN_EMPTY_BODY = YES;
				CLANG_WARN_ENUM_CONVERSION = YES;
				CLANG_WARN_INFINITE_RECURSION = YES;
				CLANG_WARN_INT_CONVERSION = YES;
				CLANG_WARN_OBJC_ROOT_CLASS = YES_ERROR;
				CLANG_WARN_RANGE_LOOP_ANALYSIS = YES;
				CLANG_WARN_STRICT_PROTOTYPES = YES;
				CLANG_WARN_SUSPICIOUS_MOVE = YES;
				CLANG_WARN_UNGUARDED_AVAILABILITY = YES_AGGRESSIVE;
				CLANG_WARN_UNREACHABLE_CODE = YES;
				CLANG_WARN__DUPLICATE_METHOD_MATCH = YES;
				CODE_SIGN_IDENTITY = "Mac Developer";
				COPY_PHASE_STRIP = NO;
				DEBUG_INFORMATION_FORMAT = dwarf;
				ENABLE_STRICT_OBJC_MSGSEND = YES;
				ENABLE_TESTABILITY = YES;
				GCC_C_LANGUAGE_STANDARD = gnu11;
				GCC_DYNAMIC_NO_PIC = NO;
				GCC_NO_COMMON_BLOCKS = YES;
				GCC_OPTIMIZATION_LEVEL = 0;
				GCC_PREPROCESSOR_DEFINITIONS = (
					"DEBUG=1",
					"$(inherited)",
				);
				GCC_WARN_64_TO_32_BIT_CONVERSION = YES;
				GCC_WARN_ABOUT_RETURN_TYPE = YES_ERROR;
				GCC_WARN_UNDECLARED_SELECTOR = YES;
				GCC_WARN_UNINITIALIZED_AUTOS = YES_AGGRESSIVE;
				GCC_WARN_UNUSED_FUNCTION = YES;
				GCC_WARN_UNUSED_VARIABLE = YES;
				MACOSX_DEPLOYMENT_TARGET = 10.12;
				MTL_ENABLE_DEBUG_INFO = YES;
				ONLY_ACTIVE_ARCH = YES;
				SDKROOT = macosx;
				SWIFT_ACTIVE_COMPILATION_CONDITIONS = DEBUG;
				SWIFT_OPTIMIZATION_LEVEL = "-Onone";
			};
			name = Debug;
		};
		353145651F6911A400A6389F /* Release */ = {
			isa = XCBuildConfiguration;
			buildSettings = {
				ALWAYS_SEARCH_USER_PATHS = NO;
				CLANG_ANALYZER_NONNULL = YES;
				CLANG_ANALYZER_NUMBER_OBJECT_CONVERSION = YES_AGGRESSIVE;
				CLANG_CXX_LANGUAGE_STANDARD = "gnu++14";
				CLANG_CXX_LIBRARY = "libc++";
				CLANG_ENABLE_MODULES = YES;
				CLANG_ENABLE_OBJC_ARC = YES;
				CLANG_WARN_BLOCK_CAPTURE_AUTORELEASING = YES;
				CLANG_WARN_BOOL_CONVERSION = YES;
				CLANG_WARN_COMMA = YES;
				CLANG_WARN_CONSTANT_CONVERSION = YES;
				CLANG_WARN_DIRECT_OBJC_ISA_USAGE = YES_ERROR;
				CLANG_WARN_DOCUMENTATION_COMMENTS = YES;
				CLANG_WARN_EMPTY_BODY = YES;
				CLANG_WARN_ENUM_CONVERSION = YES;
				CLANG_WARN_INFINITE_RECURSION = YES;
				CLANG_WARN_INT_CONVERSION = YES;
				CLANG_WARN_OBJC_ROOT_CLASS = YES_ERROR;
				CLANG_WARN_RANGE_LOOP_ANALYSIS = YES;
				CLANG_WARN_STRICT_PROTOTYPES = YES;
				CLANG_WARN_SUSPICIOUS_MOVE = YES;
				CLANG_WARN_UNGUARDED_AVAILABILITY = YES_AGGRESSIVE;
				CLANG_WARN_UNREACHABLE_CODE = YES;
				CLANG_WARN__DUPLICATE_METHOD_MATCH = YES;
				CODE_SIGN_IDENTITY = "Mac Developer";
				COPY_PHASE_STRIP = NO;
				DEBUG_INFORMATION_FORMAT = "dwarf-with-dsym";
				ENABLE_NS_ASSERTIONS = NO;
				ENABLE_STRICT_OBJC_MSGSEND = YES;
				GCC_C_LANGUAGE_STANDARD = gnu11;
				GCC_NO_COMMON_BLOCKS = YES;
				GCC_WARN_64_TO_32_BIT_CONVERSION = YES;
				GCC_WARN_ABOUT_RETURN_TYPE = YES_ERROR;
				GCC_WARN_UNDECLARED_SELECTOR = YES;
				GCC_WARN_UNINITIALIZED_AUTOS = YES_AGGRESSIVE;
				GCC_WARN_UNUSED_FUNCTION = YES;
				GCC_WARN_UNUSED_VARIABLE = YES;
				MACOSX_DEPLOYMENT_TARGET = 10.12;
				MTL_ENABLE_DEBUG_INFO = NO;
				SDKROOT = macosx;
				SWIFT_OPTIMIZATION_LEVEL = "-Owholemodule";
			};
			name = Release;
		};
		353145671F6911A400A6389F /* Debug */ = {
			isa = XCBuildConfiguration;
			buildSettings = {
				ASSETCATALOG_COMPILER_APPICON_NAME = AppIcon;
				CODE_SIGN_ENTITLEMENTS = 16.NSView/_6_NSView.entitlements;
				COMBINE_HIDPI_IMAGES = YES;
				DEVELOPMENT_TEAM = J4N8RS9Y8V;
				INFOPLIST_FILE = 16.NSView/Info.plist;
				LD_RUNPATH_SEARCH_PATHS = "$(inherited) @executable_path/../Frameworks";
				PRODUCT_BUNDLE_IDENTIFIER = "cc.onezen.-6-NSView";
				PRODUCT_NAME = "$(TARGET_NAME)";
				SWIFT_VERSION = 4.0;
			};
			name = Debug;
		};
		353145681F6911A400A6389F /* Release */ = {
			isa = XCBuildConfiguration;
			buildSettings = {
				ASSETCATALOG_COMPILER_APPICON_NAME = AppIcon;
				CODE_SIGN_ENTITLEMENTS = 16.NSView/_6_NSView.entitlements;
				COMBINE_HIDPI_IMAGES = YES;
				DEVELOPMENT_TEAM = J4N8RS9Y8V;
				INFOPLIST_FILE = 16.NSView/Info.plist;
				LD_RUNPATH_SEARCH_PATHS = "$(inherited) @executable_path/../Frameworks";
				PRODUCT_BUNDLE_IDENTIFIER = "cc.onezen.-6-NSView";
				PRODUCT_NAME = "$(TARGET_NAME)";
				SWIFT_VERSION = 4.0;
			};
			name = Release;
		};
/* End XCBuildConfiguration section */

/* Begin XCConfigurationList section */
		353145511F6911A400A6389F /* Build configuration list for PBXProject "16.NSView" */ = {
			isa = XCConfigurationList;
			buildConfigurations = (
				353145641F6911A400A6389F /* Debug */,
				353145651F6911A400A6389F /* Release */,
			);
			defaultConfigurationIsVisible = 0;
			defaultConfigurationName = Release;
		};
		353145661F6911A400A6389F /* Build configuration list for PBXNativeTarget "16.NSView" */ = {
			isa = XCConfigurationList;
			buildConfigurations = (
				353145671F6911A400A6389F /* Debug */,
				353145681F6911A400A6389F /* Release */,
			);
			defaultConfigurationIsVisible = 0;
		};
/* End XCConfigurationList section */
	};
	rootObject = 3531454E1F6911A400A6389F /* Project object */;
}
