// !$*UTF8*$!
{
	archiveVersion = 1;
	classes = {
	};
	objectVersion = 46;
	objects = {

/* Begin PBXBuildFile section */
		0943B4F81F4AC0DA00CE0FB7 /* main.m in Sources */ = {isa = PBXBuildFile; fileRef = 0943B4F71F4AC0DA00CE0FB7 /* main.m */; };
		0943B5001F4AC0EC00CE0FB7 /* LinearList.c in Sources */ = {isa = PBXBuildFile; fileRef = 0943B4FE1F4AC0EC00CE0FB7 /* LinearList.c */; };
/* End PBXBuildFile section */

/* Begin PBXCopyFilesBuildPhase section */
		0943B4F21F4AC0DA00CE0FB7 /* CopyFiles */ = {
			isa = PBXCopyFilesBuildPhase;
			buildActionMask = 2147483647;
			dstPath = /usr/share/man/man1/;
			dstSubfolderSpec = 0;
			files = (
			);
			runOnlyForDeploymentPostprocessing = 1;
		};
/* End PBXCopyFilesBuildPhase section */

/* Begin PBXFileReference section */
		0943B4F41F4AC0DA00CE0FB7 /* 1.LinearList */ = {isa = PBXFileReference; explicitFileType = "compiled.mach-o.executable"; includeInIndex = 0; path = 1.LinearList; sourceTree = BUILT_PRODUCTS_DIR; };
		0943B4F71F4AC0DA00CE0FB7 /* main.m */ = {isa = PBXFileReference; lastKnownFileType = sourcecode.c.objc; path = main.m; sourceTree = "<group>"; };
		0943B4FE1F4AC0EC00CE0FB7 /* LinearList.c */ = {isa = PBXFileReference; fileEncoding = 4; lastKnownFileType = sourcecode.c.c; path = LinearList.c; sourceTree = "<group>"; };
		0943B4FF1F4AC0EC00CE0FB7 /* LinearList.h */ = {isa = PBXFileReference; fileEncoding = 4; lastKnownFileType = sourcecode.c.h; path = LinearList.h; sourceTree = "<group>"; };
/* End PBXFileReference section */

/* Begin PBXFrameworksBuildPhase section */
		0943B4F11F4AC0DA00CE0FB7 /* Frameworks */ = {
			isa = PBXFrameworksBuildPhase;
			buildActionMask = 2147483647;
			files = (
			);
			runOnlyForDeploymentPostprocessing = 0;
		};
/* End PBXFrameworksBuildPhase section */

/* Begin PBXGroup section */
		0943B4EB1F4AC0DA00CE0FB7 = {
			isa = PBXGroup;
			children = (
				0943B4F61F4AC0DA00CE0FB7 /* 1.LinearList */,
				0943B4F51F4AC0DA00CE0FB7 /* Products */,
			);
			sourceTree = "<group>";
		};
		0943B4F51F4AC0DA00CE0FB7 /* Products */ = {
			isa = PBXGroup;
			children = (
				0943B4F41F4AC0DA00CE0FB7 /* 1.LinearList */,
			);
			name = Products;
			sourceTree = "<group>";
		};
		0943B4F61F4AC0DA00CE0FB7 /* 1.LinearList */ = {
			isa = PBXGroup;
			children = (
				0943B4F71F4AC0DA00CE0FB7 /* main.m */,
				0943B4FF1F4AC0EC00CE0FB7 /* LinearList.h */,
				0943B4FE1F4AC0EC00CE0FB7 /* LinearList.c */,
			);
			path = 1.LinearList;
			sourceTree = "<group>";
		};
/* End PBXGroup section */

/* Begin PBXNativeTarget section */
		0943B4F31F4AC0DA00CE0FB7 /* 1.LinearList */ = {
			isa = PBXNativeTarget;
			buildConfigurationList = 0943B4FB1F4AC0DA00CE0FB7 /* Build configuration list for PBXNativeTarget "1.LinearList" */;
			buildPhases = (
				0943B4F01F4AC0DA00CE0FB7 /* Sources */,
				0943B4F11F4AC0DA00CE0FB7 /* Frameworks */,
				0943B4F21F4AC0DA00CE0FB7 /* CopyFiles */,
			);
			buildRules = (
			);
			dependencies = (
			);
			name = 1.LinearList;
			productName = 1.LinearList;
			productReference = 0943B4F41F4AC0DA00CE0FB7 /* 1.LinearList */;
			productType = "com.apple.product-type.tool";
		};
/* End PBXNativeTarget section */

/* Begin PBXProject section */
		0943B4EC1F4AC0DA00CE0FB7 /* Project object */ = {
			isa = PBXProject;
			attributes = {
				LastUpgradeCheck = 0830;
				ORGANIZATIONNAME = cc.onezen;
				TargetAttributes = {
					0943B4F31F4AC0DA00CE0FB7 = {
						CreatedOnToolsVersion = 8.3.1;
						DevelopmentTeam = J4N8RS9Y8V;
						ProvisioningStyle = Automatic;
					};
				};
			};
			buildConfigurationList = 0943B4EF1F4AC0DA00CE0FB7 /* Build configuration list for PBXProject "1.LinearList" */;
			compatibilityVersion = "Xcode 3.2";
			developmentRegion = English;
			hasScannedForEncodings = 0;
			knownRegions = (
				en,
			);
			mainGroup = 0943B4EB1F4AC0DA00CE0FB7;
			productRefGroup = 0943B4F51F4AC0DA00CE0FB7 /* Products */;
			projectDirPath = "";
			projectRoot = "";
			targets = (
				0943B4F31F4AC0DA00CE0FB7 /* 1.LinearList */,
			);
		};
/* End PBXProject section */

/* Begin PBXSourcesBuildPhase section */
		0943B4F01F4AC0DA00CE0FB7 /* Sources */ = {
			isa = PBXSourcesBuildPhase;
			buildActionMask = 2147483647;
			files = (
				0943B5001F4AC0EC00CE0FB7 /* LinearList.c in Sources */,
				0943B4F81F4AC0DA00CE0FB7 /* main.m in Sources */,
			);
			runOnlyForDeploymentPostprocessing = 0;
		};
/* End PBXSourcesBuildPhase section */

/* Begin XCBuildConfiguration section */
		0943B4F91F4AC0DA00CE0FB7 /* Debug */ = {
			isa = XCBuildConfiguration;
			buildSettings = {
				ALWAYS_SEARCH_USER_PATHS = NO;
				CLANG_ANALYZER_NONNULL = YES;
				CLANG_ANALYZER_NUMBER_OBJECT_CONVERSION = YES_AGGRESSIVE;
				CLANG_CXX_LANGUAGE_STANDARD = "gnu++0x";
				CLANG_CXX_LIBRARY = "libc++";
				CLANG_ENABLE_MODULES = YES;
				CLANG_ENABLE_OBJC_ARC = YES;
				CLANG_WARN_BOOL_CONVERSION = YES;
				CLANG_WARN_CONSTANT_CONVERSION = YES;
				CLANG_WARN_DIRECT_OBJC_ISA_USAGE = YES_ERROR;
				CLANG_WARN_DOCUMENTATION_COMMENTS = YES;
				CLANG_WARN_EMPTY_BODY = YES;
				CLANG_WARN_ENUM_CONVERSION = YES;
				CLANG_WARN_INFINITE_RECURSION = YES;
				CLANG_WARN_INT_CONVERSION = YES;
				CLANG_WARN_OBJC_ROOT_CLASS = YES_ERROR;
				CLANG_WARN_SUSPICIOUS_MOVE = YES;
				CLANG_WARN_UNREACHABLE_CODE = YES;
				CLANG_WARN__DUPLICATE_METHOD_MATCH = YES;
				CODE_SIGN_IDENTITY = "-";
				COPY_PHASE_STRIP = NO;
				DEBUG_INFORMATION_FORMAT = dwarf;
				ENABLE_STRICT_OBJC_MSGSEND = YES;
				ENABLE_TESTABILITY = YES;
				GCC_C_LANGUAGE_STANDARD = gnu99;
				GCC_DYNAMIC_NO_PIC = NO;
				GCC_NO_COMMON_BLOCKS = YES;
				GCC_OPTIMIZATION_LEVEL = 0;
				GCC_PREPROCESSOR_DEFINITIONS = (
					"DEBUG=1",
					"$(inherited)",
				);
				GCC_WARN_64_TO_32_BIT_CONVERSION = YES;
				GCC_WARN_ABOUT_RETURN_TYPE = YES_ERROR;
				GCC_WARN_UNDECLARED_SELECTOR = YES;
				GCC_WARN_UNINITIALIZED_AUTOS = YES_AGGRESSIVE;
				GCC_WARN_UNUSED_FUNCTION = YES;
				GCC_WARN_UNUSED_VARIABLE = YES;
				MACOSX_DEPLOYMENT_TARGET = 10.12;
				MTL_ENABLE_DEBUG_INFO = YES;
				ONLY_ACTIVE_ARCH = YES;
				SDKROOT = macosx;
			};
			name = Debug;
		};
		0943B4FA1F4AC0DA00CE0FB7 /* Release */ = {
			isa = XCBuildConfiguration;
			buildSettings = {
				ALWAYS_SEARCH_USER_PATHS = NO;
				CLANG_ANALYZER_NONNULL = YES;
				CLANG_ANALYZER_NUMBER_OBJECT_CONVERSION = YES_AGGRESSIVE;
				CLANG_CXX_LANGUAGE_STANDARD = "gnu++0x";
				CLANG_CXX_LIBRARY = "libc++";
				CLANG_ENABLE_MODULES = YES;
				CLANG_ENABLE_OBJC_ARC = YES;
				CLANG_WARN_BOOL_CONVERSION = YES;
				CLANG_WARN_CONSTANT_CONVERSION = YES;
				CLANG_WARN_DIRECT_OBJC_ISA_USAGE = YES_ERROR;
				CLANG_WARN_DOCUMENTATION_COMMENTS = YES;
				CLANG_WARN_EMPTY_BODY = YES;
				CLANG_WARN_ENUM_CONVERSION = YES;
				CLANG_WARN_INFINITE_RECURSION = YES;
				CLANG_WARN_INT_CONVERSION = YES;
				CLANG_WARN_OBJC_ROOT_CLASS = YES_ERROR;
				CLANG_WARN_SUSPICIOUS_MOVE = YES;
				CLANG_WARN_UNREACHABLE_CODE = YES;
				CLANG_WARN__DUPLICATE_METHOD_MATCH = YES;
				CODE_SIGN_IDENTITY = "-";
				COPY_PHASE_STRIP = NO;
				DEBUG_INFORMATION_FORMAT = "dwarf-with-dsym";
				ENABLE_NS_ASSERTIONS = NO;
				ENABLE_STRICT_OBJC_MSGSEND = YES;
				GCC_C_LANGUAGE_STANDARD = gnu99;
				GCC_NO_COMMON_BLOCKS = YES;
				GCC_WARN_64_TO_32_BIT_CONVERSION = YES;
				GCC_WARN_ABOUT_RETURN_TYPE = YES_ERROR;
				GCC_WARN_UNDECLARED_SELECTOR = YES;
				GCC_WARN_UNINITIALIZED_AUTOS = YES_AGGRESSIVE;
				GCC_WARN_UNUSED_FUNCTION = YES;
				GCC_WARN_UNUSED_VARIABLE = YES;
				MACOSX_DEPLOYMENT_TARGET = 10.12;
				MTL_ENABLE_DEBUG_INFO = NO;
				SDKROOT = macosx;
			};
			name = Release;
		};
		0943B4FC1F4AC0DA00CE0FB7 /* Debug */ = {
			isa = XCBuildConfiguration;
			buildSettings = {
				DEVELOPMENT_TEAM = J4N8RS9Y8V;
				PRODUCT_NAME = "$(TARGET_NAME)";
			};
			name = Debug;
		};
		0943B4FD1F4AC0DA00CE0FB7 /* Release */ = {
			isa = XCBuildConfiguration;
			buildSettings = {
				DEVELOPMENT_TEAM = J4N8RS9Y8V;
				PRODUCT_NAME = "$(TARGET_NAME)";
			};
			name = Release;
		};
/* End XCBuildConfiguration section */

/* Begin XCConfigurationList section */
		0943B4EF1F4AC0DA00CE0FB7 /* Build configuration list for PBXProject "1.LinearList" */ = {
			isa = XCConfigurationList;
			buildConfigurations = (
				0943B4F91F4AC0DA00CE0FB7 /* Debug */,
				0943B4FA1F4AC0DA00CE0FB7 /* Release */,
			);
			defaultConfigurationIsVisible = 0;
			defaultConfigurationName = Release;
		};
		0943B4FB1F4AC0DA00CE0FB7 /* Build configuration list for PBXNativeTarget "1.LinearList" */ = {
			isa = XCConfigurationList;
			buildConfigurations = (
				0943B4FC1F4AC0DA00CE0FB7 /* Debug */,
				0943B4FD1F4AC0DA00CE0FB7 /* Release */,
			);
			defaultConfigurationIsVisible = 0;
		};
/* End XCConfigurationList section */
	};
	rootObject = 0943B4EC1F4AC0DA00CE0FB7 /* Project object */;
}
