// !$*UTF8*$!
{
	archiveVersion = 1;
	classes = {
	};
	objectVersion = 46;
	objects = {

/* Begin PBXBuildFile section */
		0943B4C31F4A77D800CE0FB7 /* AppDelegate.swift in Sources */ = {isa = PBXBuildFile; fileRef = 0943B4C21F4A77D800CE0FB7 /* AppDelegate.swift */; };
		0943B4C51F4A77D800CE0FB7 /* ViewController.swift in Sources */ = {isa = PBXBuildFile; fileRef = 0943B4C41F4A77D800CE0FB7 /* ViewController.swift */; };
		0943B4C71F4A77D800CE0FB7 /* Document.swift in Sources */ = {isa = PBXBuildFile; fileRef = 0943B4C61F4A77D800CE0FB7 /* Document.swift */; };
		0943B4C91F4A77D800CE0FB7 /* Assets.xcassets in Resources */ = {isa = PBXBuildFile; fileRef = 0943B4C81F4A77D800CE0FB7 /* Assets.xcassets */; };
		0943B4CC1F4A77D800CE0FB7 /* Main.storyboard in Resources */ = {isa = PBXBuildFile; fileRef = 0943B4CA1F4A77D800CE0FB7 /* Main.storyboard */; };
		0943B4D41F4A782000CE0FB7 /* Song.swift in Sources */ = {isa = PBXBuildFile; fileRef = 0943B4D31F4A782000CE0FB7 /* Song.swift */; };
/* End PBXBuildFile section */

/* Begin PBXFileReference section */
		0943B4BF1F4A77D800CE0FB7 /* 4.arrayController.app */ = {isa = PBXFileReference; explicitFileType = wrapper.application; includeInIndex = 0; path = 4.arrayController.app; sourceTree = BUILT_PRODUCTS_DIR; };
		0943B4C21F4A77D800CE0FB7 /* AppDelegate.swift */ = {isa = PBXFileReference; lastKnownFileType = sourcecode.swift; path = AppDelegate.swift; sourceTree = "<group>"; };
		0943B4C41F4A77D800CE0FB7 /* ViewController.swift */ = {isa = PBXFileReference; lastKnownFileType = sourcecode.swift; path = ViewController.swift; sourceTree = "<group>"; };
		0943B4C61F4A77D800CE0FB7 /* Document.swift */ = {isa = PBXFileReference; lastKnownFileType = sourcecode.swift; path = Document.swift; sourceTree = "<group>"; };
		0943B4C81F4A77D800CE0FB7 /* Assets.xcassets */ = {isa = PBXFileReference; lastKnownFileType = folder.assetcatalog; path = Assets.xcassets; sourceTree = "<group>"; };
		0943B4CB1F4A77D800CE0FB7 /* Base */ = {isa = PBXFileReference; lastKnownFileType = file.storyboard; name = Base; path = Base.lproj/Main.storyboard; sourceTree = "<group>"; };
		0943B4CD1F4A77D800CE0FB7 /* Info.plist */ = {isa = PBXFileReference; lastKnownFileType = text.plist.xml; path = Info.plist; sourceTree = "<group>"; };
		0943B4D31F4A782000CE0FB7 /* Song.swift */ = {isa = PBXFileReference; fileEncoding = 4; lastKnownFileType = sourcecode.swift; path = Song.swift; sourceTree = "<group>"; };
/* End PBXFileReference section */

/* Begin PBXFrameworksBuildPhase section */
		0943B4BC1F4A77D800CE0FB7 /* Frameworks */ = {
			isa = PBXFrameworksBuildPhase;
			buildActionMask = 2147483647;
			files = (
			);
			runOnlyForDeploymentPostprocessing = 0;
		};
/* End PBXFrameworksBuildPhase section */

/* Begin PBXGroup section */
		0943B4B61F4A77D800CE0FB7 = {
			isa = PBXGroup;
			children = (
				0943B4C11F4A77D800CE0FB7 /* 4.arrayController */,
				0943B4C01F4A77D800CE0FB7 /* Products */,
			);
			sourceTree = "<group>";
		};
		0943B4C01F4A77D800CE0FB7 /* Products */ = {
			isa = PBXGroup;
			children = (
				0943B4BF1F4A77D800CE0FB7 /* 4.arrayController.app */,
			);
			name = Products;
			sourceTree = "<group>";
		};
		0943B4C11F4A77D800CE0FB7 /* 4.arrayController */ = {
			isa = PBXGroup;
			children = (
				0943B4C21F4A77D800CE0FB7 /* AppDelegate.swift */,
				0943B4C41F4A77D800CE0FB7 /* ViewController.swift */,
				0943B4D31F4A782000CE0FB7 /* Song.swift */,
				0943B4C61F4A77D800CE0FB7 /* Document.swift */,
				0943B4C81F4A77D800CE0FB7 /* Assets.xcassets */,
				0943B4CA1F4A77D800CE0FB7 /* Main.storyboard */,
				0943B4CD1F4A77D800CE0FB7 /* Info.plist */,
			);
			path = 4.arrayController;
			sourceTree = "<group>";
		};
/* End PBXGroup section */

/* Begin PBXNativeTarget section */
		0943B4BE1F4A77D800CE0FB7 /* 4.arrayController */ = {
			isa = PBXNativeTarget;
			buildConfigurationList = 0943B4D01F4A77D800CE0FB7 /* Build configuration list for PBXNativeTarget "4.arrayController" */;
			buildPhases = (
				0943B4BB1F4A77D800CE0FB7 /* Sources */,
				0943B4BC1F4A77D800CE0FB7 /* Frameworks */,
				0943B4BD1F4A77D800CE0FB7 /* Resources */,
			);
			buildRules = (
			);
			dependencies = (
			);
			name = 4.arrayController;
			productName = 4.arrayController;
			productReference = 0943B4BF1F4A77D800CE0FB7 /* 4.arrayController.app */;
			productType = "com.apple.product-type.application";
		};
/* End PBXNativeTarget section */

/* Begin PBXProject section */
		0943B4B71F4A77D800CE0FB7 /* Project object */ = {
			isa = PBXProject;
			attributes = {
				LastSwiftUpdateCheck = 0830;
				LastUpgradeCheck = 0830;
				ORGANIZATIONNAME = cc.onezen;
				TargetAttributes = {
					0943B4BE1F4A77D800CE0FB7 = {
						CreatedOnToolsVersion = 8.3.1;
						DevelopmentTeam = J4N8RS9Y8V;
						ProvisioningStyle = Automatic;
					};
				};
			};
			buildConfigurationList = 0943B4BA1F4A77D800CE0FB7 /* Build configuration list for PBXProject "4.arrayController" */;
			compatibilityVersion = "Xcode 3.2";
			developmentRegion = English;
			hasScannedForEncodings = 0;
			knownRegions = (
				en,
				Base,
			);
			mainGroup = 0943B4B61F4A77D800CE0FB7;
			productRefGroup = 0943B4C01F4A77D800CE0FB7 /* Products */;
			projectDirPath = "";
			projectRoot = "";
			targets = (
				0943B4BE1F4A77D800CE0FB7 /* 4.arrayController */,
			);
		};
/* End PBXProject section */

/* Begin PBXResourcesBuildPhase section */
		0943B4BD1F4A77D800CE0FB7 /* Resources */ = {
			isa = PBXResourcesBuildPhase;
			buildActionMask = 2147483647;
			files = (
				0943B4C91F4A77D800CE0FB7 /* Assets.xcassets in Resources */,
				0943B4CC1F4A77D800CE0FB7 /* Main.storyboard in Resources */,
			);
			runOnlyForDeploymentPostprocessing = 0;
		};
/* End PBXResourcesBuildPhase section */

/* Begin PBXSourcesBuildPhase section */
		0943B4BB1F4A77D800CE0FB7 /* Sources */ = {
			isa = PBXSourcesBuildPhase;
			buildActionMask = 2147483647;
			files = (
				0943B4D41F4A782000CE0FB7 /* Song.swift in Sources */,
				0943B4C51F4A77D800CE0FB7 /* ViewController.swift in Sources */,
				0943B4C31F4A77D800CE0FB7 /* AppDelegate.swift in Sources */,
				0943B4C71F4A77D800CE0FB7 /* Document.swift in Sources */,
			);
			runOnlyForDeploymentPostprocessing = 0;
		};
/* End PBXSourcesBuildPhase section */

/* Begin PBXVariantGroup section */
		0943B4CA1F4A77D800CE0FB7 /* Main.storyboard */ = {
			isa = PBXVariantGroup;
			children = (
				0943B4CB1F4A77D800CE0FB7 /* Base */,
			);
			name = Main.storyboard;
			sourceTree = "<group>";
		};
/* End PBXVariantGroup section */

/* Begin XCBuildConfiguration section */
		0943B4CE1F4A77D800CE0FB7 /* Debug */ = {
			isa = XCBuildConfiguration;
			buildSettings = {
				ALWAYS_SEARCH_USER_PATHS = NO;
				CLANG_ANALYZER_NONNULL = YES;
				CLANG_ANALYZER_NUMBER_OBJECT_CONVERSION = YES_AGGRESSIVE;
				CLANG_CXX_LANGUAGE_STANDARD = "gnu++0x";
				CLANG_CXX_LIBRARY = "libc++";
				CLANG_ENABLE_MODULES = YES;
				CLANG_ENABLE_OBJC_ARC = YES;
				CLANG_WARN_BOOL_CONVERSION = YES;
				CLANG_WARN_CONSTANT_CONVERSION = YES;
				CLANG_WARN_DIRECT_OBJC_ISA_USAGE = YES_ERROR;
				CLANG_WARN_DOCUMENTATION_COMMENTS = YES;
				CLANG_WARN_EMPTY_BODY = YES;
				CLANG_WARN_ENUM_CONVERSION = YES;
				CLANG_WARN_INFINITE_RECURSION = YES;
				CLANG_WARN_INT_CONVERSION = YES;
				CLANG_WARN_OBJC_ROOT_CLASS = YES_ERROR;
				CLANG_WARN_SUSPICIOUS_MOVE = YES;
				CLANG_WARN_UNREACHABLE_CODE = YES;
				CLANG_WARN__DUPLICATE_METHOD_MATCH = YES;
				CODE_SIGN_IDENTITY = "-";
				COPY_PHASE_STRIP = NO;
				DEBUG_INFORMATION_FORMAT = dwarf;
				ENABLE_STRICT_OBJC_MSGSEND = YES;
				ENABLE_TESTABILITY = YES;
				GCC_C_LANGUAGE_STANDARD = gnu99;
				GCC_DYNAMIC_NO_PIC = NO;
				GCC_NO_COMMON_BLOCKS = YES;
				GCC_OPTIMIZATION_LEVEL = 0;
				GCC_PREPROCESSOR_DEFINITIONS = (
					"DEBUG=1",
					"$(inherited)",
				);
				GCC_WARN_64_TO_32_BIT_CONVERSION = YES;
				GCC_WARN_ABOUT_RETURN_TYPE = YES_ERROR;
				GCC_WARN_UNDECLARED_SELECTOR = YES;
				GCC_WARN_UNINITIALIZED_AUTOS = YES_AGGRESSIVE;
				GCC_WARN_UNUSED_FUNCTION = YES;
				GCC_WARN_UNUSED_VARIABLE = YES;
				MACOSX_DEPLOYMENT_TARGET = 10.12;
				MTL_ENABLE_DEBUG_INFO = YES;
				ONLY_ACTIVE_ARCH = YES;
				SDKROOT = macosx;
				SWIFT_ACTIVE_COMPILATION_CONDITIONS = DEBUG;
				SWIFT_OPTIMIZATION_LEVEL = "-Onone";
			};
			name = Debug;
		};
		0943B4CF1F4A77D800CE0FB7 /* Release */ = {
			isa = XCBuildConfiguration;
			buildSettings = {
				ALWAYS_SEARCH_USER_PATHS = NO;
				CLANG_ANALYZER_NONNULL = YES;
				CLANG_ANALYZER_NUMBER_OBJECT_CONVERSION = YES_AGGRESSIVE;
				CLANG_CXX_LANGUAGE_STANDARD = "gnu++0x";
				CLANG_CXX_LIBRARY = "libc++";
				CLANG_ENABLE_MODULES = YES;
				CLANG_ENABLE_OBJC_ARC = YES;
				CLANG_WARN_BOOL_CONVERSION = YES;
				CLANG_WARN_CONSTANT_CONVERSION = YES;
				CLANG_WARN_DIRECT_OBJC_ISA_USAGE = YES_ERROR;
				CLANG_WARN_DOCUMENTATION_COMMENTS = YES;
				CLANG_WARN_EMPTY_BODY = YES;
				CLANG_WARN_ENUM_CONVERSION = YES;
				CLANG_WARN_INFINITE_RECURSION = YES;
				CLANG_WARN_INT_CONVERSION = YES;
				CLANG_WARN_OBJC_ROOT_CLASS = YES_ERROR;
				CLANG_WARN_SUSPICIOUS_MOVE = YES;
				CLANG_WARN_UNREACHABLE_CODE = YES;
				CLANG_WARN__DUPLICATE_METHOD_MATCH = YES;
				CODE_SIGN_IDENTITY = "-";
				COPY_PHASE_STRIP = NO;
				DEBUG_INFORMATION_FORMAT = "dwarf-with-dsym";
				ENABLE_NS_ASSERTIONS = NO;
				ENABLE_STRICT_OBJC_MSGSEND = YES;
				GCC_C_LANGUAGE_STANDARD = gnu99;
				GCC_NO_COMMON_BLOCKS = YES;
				GCC_WARN_64_TO_32_BIT_CONVERSION = YES;
				GCC_WARN_ABOUT_RETURN_TYPE = YES_ERROR;
				GCC_WARN_UNDECLARED_SELECTOR = YES;
				GCC_WARN_UNINITIALIZED_AUTOS = YES_AGGRESSIVE;
				GCC_WARN_UNUSED_FUNCTION = YES;
				GCC_WARN_UNUSED_VARIABLE = YES;
				MACOSX_DEPLOYMENT_TARGET = 10.12;
				MTL_ENABLE_DEBUG_INFO = NO;
				SDKROOT = macosx;
				SWIFT_OPTIMIZATION_LEVEL = "-Owholemodule";
			};
			name = Release;
		};
		0943B4D11F4A77D800CE0FB7 /* Debug */ = {
			isa = XCBuildConfiguration;
			buildSettings = {
				ASSETCATALOG_COMPILER_APPICON_NAME = AppIcon;
				COMBINE_HIDPI_IMAGES = YES;
				DEVELOPMENT_TEAM = J4N8RS9Y8V;
				INFOPLIST_FILE = 4.arrayController/Info.plist;
				LD_RUNPATH_SEARCH_PATHS = "$(inherited) @executable_path/../Frameworks";
				PRODUCT_BUNDLE_IDENTIFIER = "cc.onezen.--arrayController";
				PRODUCT_NAME = "$(TARGET_NAME)";
				SWIFT_VERSION = 3.0;
			};
			name = Debug;
		};
		0943B4D21F4A77D800CE0FB7 /* Release */ = {
			isa = XCBuildConfiguration;
			buildSettings = {
				ASSETCATALOG_COMPILER_APPICON_NAME = AppIcon;
				COMBINE_HIDPI_IMAGES = YES;
				DEVELOPMENT_TEAM = J4N8RS9Y8V;
				INFOPLIST_FILE = 4.arrayController/Info.plist;
				LD_RUNPATH_SEARCH_PATHS = "$(inherited) @executable_path/../Frameworks";
				PRODUCT_BUNDLE_IDENTIFIER = "cc.onezen.--arrayController";
				PRODUCT_NAME = "$(TARGET_NAME)";
				SWIFT_VERSION = 3.0;
			};
			name = Release;
		};
/* End XCBuildConfiguration section */

/* Begin XCConfigurationList section */
		0943B4BA1F4A77D800CE0FB7 /* Build configuration list for PBXProject "4.arrayController" */ = {
			isa = XCConfigurationList;
			buildConfigurations = (
				0943B4CE1F4A77D800CE0FB7 /* Debug */,
				0943B4CF1F4A77D800CE0FB7 /* Release */,
			);
			defaultConfigurationIsVisible = 0;
			defaultConfigurationName = Release;
		};
		0943B4D01F4A77D800CE0FB7 /* Build configuration list for PBXNativeTarget "4.arrayController" */ = {
			isa = XCConfigurationList;
			buildConfigurations = (
				0943B4D11F4A77D800CE0FB7 /* Debug */,
				0943B4D21F4A77D800CE0FB7 /* Release */,
			);
			defaultConfigurationIsVisible = 0;
		};
/* End XCConfigurationList section */
	};
	rootObject = 0943B4B71F4A77D800CE0FB7 /* Project object */;
}
