// !$*UTF8*$!
{
	archiveVersion = 1;
	classes = {
	};
	objectVersion = 48;
	objects = {

/* Begin PBXBuildFile section */
		353286C6208AE52900026498 /* main.cpp in Sources */ = {isa = PBXBuildFile; fileRef = 353286C5208AE52900026498 /* main.cpp */; };
		353E0FA620A302870030F6D4 /* main.cpp in Sources */ = {isa = PBXBuildFile; fileRef = 353E0FA520A302870030F6D4 /* main.cpp */; };
		353E0FAC20A302A30030F6D4 /* Array.cpp in Sources */ = {isa = PBXBuildFile; fileRef = 353E0FAA20A302A30030F6D4 /* Array.cpp */; };
		35BA90AE208D87EF0033F536 /* main.cpp in Sources */ = {isa = PBXBuildFile; fileRef = 35BA90AC208D87EF0033F536 /* main.cpp */; };
		35C7721D216F7CB90042F182 /* main.cpp in Sources */ = {isa = PBXBuildFile; fileRef = 35C7721C216F7CB90042F182 /* main.cpp */; };
		35C77228217030030042F182 /* main.cpp in Sources */ = {isa = PBXBuildFile; fileRef = 35C77227217030030042F182 /* main.cpp */; };
		35C77233217032D50042F182 /* main.cpp in Sources */ = {isa = PBXBuildFile; fileRef = 35C77232217032D50042F182 /* main.cpp */; };
		35C7723E21703F010042F182 /* main.cpp in Sources */ = {isa = PBXBuildFile; fileRef = 35C7723D21703F010042F182 /* main.cpp */; };
		35C77249217046EC0042F182 /* main.cpp in Sources */ = {isa = PBXBuildFile; fileRef = 35C77248217046EC0042F182 /* main.cpp */; };
		35C77254217049920042F182 /* main.cpp in Sources */ = {isa = PBXBuildFile; fileRef = 35C77253217049920042F182 /* main.cpp */; };
		35C7725F21704C610042F182 /* main.cpp in Sources */ = {isa = PBXBuildFile; fileRef = 35C7725E21704C610042F182 /* main.cpp */; };
/* End PBXBuildFile section */

/* Begin PBXCopyFilesBuildPhase section */
		353286C0208AE52900026498 /* CopyFiles */ = {
			isa = PBXCopyFilesBuildPhase;
			buildActionMask = 2147483647;
			dstPath = /usr/share/man/man1/;
			dstSubfolderSpec = 0;
			files = (
			);
			runOnlyForDeploymentPostprocessing = 1;
		};
		353E0FA120A302870030F6D4 /* CopyFiles */ = {
			isa = PBXCopyFilesBuildPhase;
			buildActionMask = 2147483647;
			dstPath = /usr/share/man/man1/;
			dstSubfolderSpec = 0;
			files = (
			);
			runOnlyForDeploymentPostprocessing = 1;
		};
		35BA90A3208D87C60033F536 /* CopyFiles */ = {
			isa = PBXCopyFilesBuildPhase;
			buildActionMask = 2147483647;
			dstPath = /usr/share/man/man1/;
			dstSubfolderSpec = 0;
			files = (
			);
			runOnlyForDeploymentPostprocessing = 1;
		};
		35C77218216F7CB90042F182 /* CopyFiles */ = {
			isa = PBXCopyFilesBuildPhase;
			buildActionMask = 2147483647;
			dstPath = /usr/share/man/man1/;
			dstSubfolderSpec = 0;
			files = (
			);
			runOnlyForDeploymentPostprocessing = 1;
		};
		35C77223217030030042F182 /* CopyFiles */ = {
			isa = PBXCopyFilesBuildPhase;
			buildActionMask = 2147483647;
			dstPath = /usr/share/man/man1/;
			dstSubfolderSpec = 0;
			files = (
			);
			runOnlyForDeploymentPostprocessing = 1;
		};
		35C7722E217032D50042F182 /* CopyFiles */ = {
			isa = PBXCopyFilesBuildPhase;
			buildActionMask = 2147483647;
			dstPath = /usr/share/man/man1/;
			dstSubfolderSpec = 0;
			files = (
			);
			runOnlyForDeploymentPostprocessing = 1;
		};
		35C7723921703F010042F182 /* CopyFiles */ = {
			isa = PBXCopyFilesBuildPhase;
			buildActionMask = 2147483647;
			dstPath = /usr/share/man/man1/;
			dstSubfolderSpec = 0;
			files = (
			);
			runOnlyForDeploymentPostprocessing = 1;
		};
		35C77244217046EC0042F182 /* CopyFiles */ = {
			isa = PBXCopyFilesBuildPhase;
			buildActionMask = 2147483647;
			dstPath = /usr/share/man/man1/;
			dstSubfolderSpec = 0;
			files = (
			);
			runOnlyForDeploymentPostprocessing = 1;
		};
		35C7724F217049910042F182 /* CopyFiles */ = {
			isa = PBXCopyFilesBuildPhase;
			buildActionMask = 2147483647;
			dstPath = /usr/share/man/man1/;
			dstSubfolderSpec = 0;
			files = (
			);
			runOnlyForDeploymentPostprocessing = 1;
		};
		35C7725A21704C610042F182 /* CopyFiles */ = {
			isa = PBXCopyFilesBuildPhase;
			buildActionMask = 2147483647;
			dstPath = /usr/share/man/man1/;
			dstSubfolderSpec = 0;
			files = (
			);
			runOnlyForDeploymentPostprocessing = 1;
		};
/* End PBXCopyFilesBuildPhase section */

/* Begin PBXFileReference section */
		353286C2208AE52900026498 /* cppDemos */ = {isa = PBXFileReference; explicitFileType = "compiled.mach-o.executable"; includeInIndex = 0; path = cppDemos; sourceTree = BUILT_PRODUCTS_DIR; };
		353286C5208AE52900026498 /* main.cpp */ = {isa = PBXFileReference; lastKnownFileType = sourcecode.cpp.cpp; path = main.cpp; sourceTree = "<group>"; };
		353E0FA320A302870030F6D4 /* Array */ = {isa = PBXFileReference; explicitFileType = "compiled.mach-o.executable"; includeInIndex = 0; path = Array; sourceTree = BUILT_PRODUCTS_DIR; };
		353E0FA520A302870030F6D4 /* main.cpp */ = {isa = PBXFileReference; lastKnownFileType = sourcecode.cpp.cpp; path = main.cpp; sourceTree = "<group>"; };
		353E0FAA20A302A30030F6D4 /* Array.cpp */ = {isa = PBXFileReference; lastKnownFileType = sourcecode.cpp.cpp; path = Array.cpp; sourceTree = "<group>"; };
		353E0FAB20A302A30030F6D4 /* Array.hpp */ = {isa = PBXFileReference; lastKnownFileType = sourcecode.cpp.h; path = Array.hpp; sourceTree = "<group>"; };
		35BA90A5208D87C60033F536 /* class */ = {isa = PBXFileReference; explicitFileType = "compiled.mach-o.executable"; includeInIndex = 0; path = class; sourceTree = BUILT_PRODUCTS_DIR; };
		35BA90AC208D87EF0033F536 /* main.cpp */ = {isa = PBXFileReference; lastKnownFileType = sourcecode.cpp.cpp; path = main.cpp; sourceTree = "<group>"; };
		35C7721A216F7CB90042F182 /* 结构体 */ = {isa = PBXFileReference; explicitFileType = "compiled.mach-o.executable"; includeInIndex = 0; path = "结构体"; sourceTree = BUILT_PRODUCTS_DIR; };
		35C7721C216F7CB90042F182 /* main.cpp */ = {isa = PBXFileReference; lastKnownFileType = sourcecode.cpp.cpp; path = main.cpp; sourceTree = "<group>"; };
		35C77225217030030042F182 /* 接口 */ = {isa = PBXFileReference; explicitFileType = "compiled.mach-o.executable"; includeInIndex = 0; path = "接口"; sourceTree = BUILT_PRODUCTS_DIR; };
		35C77227217030030042F182 /* main.cpp */ = {isa = PBXFileReference; lastKnownFileType = sourcecode.cpp.cpp; path = main.cpp; sourceTree = "<group>"; };
		35C77230217032D50042F182 /* 文件和流 */ = {isa = PBXFileReference; explicitFileType = "compiled.mach-o.executable"; includeInIndex = 0; path = "文件和流"; sourceTree = BUILT_PRODUCTS_DIR; };
		35C77232217032D50042F182 /* main.cpp */ = {isa = PBXFileReference; lastKnownFileType = sourcecode.cpp.cpp; path = main.cpp; sourceTree = "<group>"; };
		35C7723B21703F010042F182 /* 泛型-模板 */ = {isa = PBXFileReference; explicitFileType = "compiled.mach-o.executable"; includeInIndex = 0; path = "泛型-模板"; sourceTree = BUILT_PRODUCTS_DIR; };
		35C7723D21703F010042F182 /* main.cpp */ = {isa = PBXFileReference; lastKnownFileType = sourcecode.cpp.cpp; path = main.cpp; sourceTree = "<group>"; };
		35C77246217046EC0042F182 /* 信号处理 */ = {isa = PBXFileReference; explicitFileType = "compiled.mach-o.executable"; includeInIndex = 0; path = "信号处理"; sourceTree = BUILT_PRODUCTS_DIR; };
		35C77248217046EC0042F182 /* main.cpp */ = {isa = PBXFileReference; lastKnownFileType = sourcecode.cpp.cpp; path = main.cpp; sourceTree = "<group>"; };
		35C77251217049910042F182 /* 多线程 */ = {isa = PBXFileReference; explicitFileType = "compiled.mach-o.executable"; includeInIndex = 0; path = "多线程"; sourceTree = BUILT_PRODUCTS_DIR; };
		35C77253217049920042F182 /* main.cpp */ = {isa = PBXFileReference; lastKnownFileType = sourcecode.cpp.cpp; path = main.cpp; sourceTree = "<group>"; };
		35C7725C21704C610042F182 /* 图书管理系统 */ = {isa = PBXFileReference; explicitFileType = "compiled.mach-o.executable"; includeInIndex = 0; path = "图书管理系统"; sourceTree = BUILT_PRODUCTS_DIR; };
		35C7725E21704C610042F182 /* main.cpp */ = {isa = PBXFileReference; lastKnownFileType = sourcecode.cpp.cpp; path = main.cpp; sourceTree = "<group>"; };
/* End PBXFileReference section */

/* Begin PBXFrameworksBuildPhase section */
		353286BF208AE52900026498 /* Frameworks */ = {
			isa = PBXFrameworksBuildPhase;
			buildActionMask = 2147483647;
			files = (
			);
			runOnlyForDeploymentPostprocessing = 0;
		};
		353E0FA020A302870030F6D4 /* Frameworks */ = {
			isa = PBXFrameworksBuildPhase;
			buildActionMask = 2147483647;
			files = (
			);
			runOnlyForDeploymentPostprocessing = 0;
		};
		35BA90A2208D87C60033F536 /* Frameworks */ = {
			isa = PBXFrameworksBuildPhase;
			buildActionMask = 2147483647;
			files = (
			);
			runOnlyForDeploymentPostprocessing = 0;
		};
		35C77217216F7CB90042F182 /* Frameworks */ = {
			isa = PBXFrameworksBuildPhase;
			buildActionMask = 2147483647;
			files = (
			);
			runOnlyForDeploymentPostprocessing = 0;
		};
		35C77222217030030042F182 /* Frameworks */ = {
			isa = PBXFrameworksBuildPhase;
			buildActionMask = 2147483647;
			files = (
			);
			runOnlyForDeploymentPostprocessing = 0;
		};
		35C7722D217032D50042F182 /* Frameworks */ = {
			isa = PBXFrameworksBuildPhase;
			buildActionMask = 2147483647;
			files = (
			);
			runOnlyForDeploymentPostprocessing = 0;
		};
		35C7723821703F010042F182 /* Frameworks */ = {
			isa = PBXFrameworksBuildPhase;
			buildActionMask = 2147483647;
			files = (
			);
			runOnlyForDeploymentPostprocessing = 0;
		};
		35C77243217046EC0042F182 /* Frameworks */ = {
			isa = PBXFrameworksBuildPhase;
			buildActionMask = 2147483647;
			files = (
			);
			runOnlyForDeploymentPostprocessing = 0;
		};
		35C7724E217049910042F182 /* Frameworks */ = {
			isa = PBXFrameworksBuildPhase;
			buildActionMask = 2147483647;
			files = (
			);
			runOnlyForDeploymentPostprocessing = 0;
		};
		35C7725921704C610042F182 /* Frameworks */ = {
			isa = PBXFrameworksBuildPhase;
			buildActionMask = 2147483647;
			files = (
			);
			runOnlyForDeploymentPostprocessing = 0;
		};
/* End PBXFrameworksBuildPhase section */

/* Begin PBXGroup section */
		353286B9208AE52900026498 = {
			isa = PBXGroup;
			children = (
				353286C4208AE52900026498 /* cppDemos */,
				35BA90A6208D87C60033F536 /* class */,
				353E0FA420A302870030F6D4 /* Array */,
				35C7721B216F7CB90042F182 /* 结构体 */,
				35C77226217030030042F182 /* 接口 */,
				35C77231217032D50042F182 /* 文件和流 */,
				35C7723C21703F010042F182 /* 泛型-模板 */,
				35C77247217046EC0042F182 /* 信号处理 */,
				35C77252217049920042F182 /* 多线程 */,
				35C7725D21704C610042F182 /* 图书管理系统 */,
				353286C3208AE52900026498 /* Products */,
			);
			sourceTree = "<group>";
		};
		353286C3208AE52900026498 /* Products */ = {
			isa = PBXGroup;
			children = (
				353286C2208AE52900026498 /* cppDemos */,
				35BA90A5208D87C60033F536 /* class */,
				353E0FA320A302870030F6D4 /* Array */,
				35C7721A216F7CB90042F182 /* 结构体 */,
				35C77225217030030042F182 /* 接口 */,
				35C77230217032D50042F182 /* 文件和流 */,
				35C7723B21703F010042F182 /* 泛型-模板 */,
				35C77246217046EC0042F182 /* 信号处理 */,
				35C77251217049910042F182 /* 多线程 */,
				35C7725C21704C610042F182 /* 图书管理系统 */,
			);
			name = Products;
			sourceTree = "<group>";
		};
		353286C4208AE52900026498 /* cppDemos */ = {
			isa = PBXGroup;
			children = (
				353286C5208AE52900026498 /* main.cpp */,
			);
			path = cppDemos;
			sourceTree = "<group>";
		};
		353E0FA420A302870030F6D4 /* Array */ = {
			isa = PBXGroup;
			children = (
				353E0FA520A302870030F6D4 /* main.cpp */,
				353E0FAA20A302A30030F6D4 /* Array.cpp */,
				353E0FAB20A302A30030F6D4 /* Array.hpp */,
			);
			path = Array;
			sourceTree = "<group>";
		};
		35BA90A6208D87C60033F536 /* class */ = {
			isa = PBXGroup;
			children = (
				35BA90AC208D87EF0033F536 /* main.cpp */,
			);
			path = class;
			sourceTree = "<group>";
		};
		35C7721B216F7CB90042F182 /* 结构体 */ = {
			isa = PBXGroup;
			children = (
				35C7721C216F7CB90042F182 /* main.cpp */,
			);
			path = "结构体";
			sourceTree = "<group>";
		};
		35C77226217030030042F182 /* 接口 */ = {
			isa = PBXGroup;
			children = (
				35C77227217030030042F182 /* main.cpp */,
			);
			path = "接口";
			sourceTree = "<group>";
		};
		35C77231217032D50042F182 /* 文件和流 */ = {
			isa = PBXGroup;
			children = (
				35C77232217032D50042F182 /* main.cpp */,
			);
			path = "文件和流";
			sourceTree = "<group>";
		};
		35C7723C21703F010042F182 /* 泛型-模板 */ = {
			isa = PBXGroup;
			children = (
				35C7723D21703F010042F182 /* main.cpp */,
			);
			path = "泛型-模板";
			sourceTree = "<group>";
		};
		35C77247217046EC0042F182 /* 信号处理 */ = {
			isa = PBXGroup;
			children = (
				35C77248217046EC0042F182 /* main.cpp */,
			);
			path = "信号处理";
			sourceTree = "<group>";
		};
		35C77252217049920042F182 /* 多线程 */ = {
			isa = PBXGroup;
			children = (
				35C77253217049920042F182 /* main.cpp */,
			);
			path = "多线程";
			sourceTree = "<group>";
		};
		35C7725D21704C610042F182 /* 图书管理系统 */ = {
			isa = PBXGroup;
			children = (
				35C7725E21704C610042F182 /* main.cpp */,
			);
			path = "图书管理系统";
			sourceTree = "<group>";
		};
/* End PBXGroup section */

/* Begin PBXNativeTarget section */
		353286C1208AE52900026498 /* cppDemos */ = {
			isa = PBXNativeTarget;
			buildConfigurationList = 353286C9208AE52900026498 /* Build configuration list for PBXNativeTarget "cppDemos" */;
			buildPhases = (
				353286BE208AE52900026498 /* Sources */,
				353286BF208AE52900026498 /* Frameworks */,
				353286C0208AE52900026498 /* CopyFiles */,
			);
			buildRules = (
			);
			dependencies = (
			);
			name = cppDemos;
			productName = cppDemos;
			productReference = 353286C2208AE52900026498 /* cppDemos */;
			productType = "com.apple.product-type.tool";
		};
		353E0FA220A302870030F6D4 /* Array */ = {
			isa = PBXNativeTarget;
			buildConfigurationList = 353E0FA720A302870030F6D4 /* Build configuration list for PBXNativeTarget "Array" */;
			buildPhases = (
				353E0F9F20A302870030F6D4 /* Sources */,
				353E0FA020A302870030F6D4 /* Frameworks */,
				353E0FA120A302870030F6D4 /* CopyFiles */,
			);
			buildRules = (
			);
			dependencies = (
			);
			name = Array;
			productName = Array;
			productReference = 353E0FA320A302870030F6D4 /* Array */;
			productType = "com.apple.product-type.tool";
		};
		35BA90A4208D87C60033F536 /* class */ = {
			isa = PBXNativeTarget;
			buildConfigurationList = 35BA90AB208D87C60033F536 /* Build configuration list for PBXNativeTarget "class" */;
			buildPhases = (
				35BA90A1208D87C60033F536 /* Sources */,
				35BA90A2208D87C60033F536 /* Frameworks */,
				35BA90A3208D87C60033F536 /* CopyFiles */,
			);
			buildRules = (
			);
			dependencies = (
			);
			name = class;
			productName = class;
			productReference = 35BA90A5208D87C60033F536 /* class */;
			productType = "com.apple.product-type.tool";
		};
		35C77219216F7CB90042F182 /* 结构体 */ = {
			isa = PBXNativeTarget;
			buildConfigurationList = 35C7721E216F7CB90042F182 /* Build configuration list for PBXNativeTarget "结构体" */;
			buildPhases = (
				35C77216216F7CB90042F182 /* Sources */,
				35C77217216F7CB90042F182 /* Frameworks */,
				35C77218216F7CB90042F182 /* CopyFiles */,
			);
			buildRules = (
			);
			dependencies = (
			);
			name = "结构体";
			productName = "结构体";
			productReference = 35C7721A216F7CB90042F182 /* 结构体 */;
			productType = "com.apple.product-type.tool";
		};
		35C77224217030030042F182 /* 接口 */ = {
			isa = PBXNativeTarget;
			buildConfigurationList = 35C77229217030030042F182 /* Build configuration list for PBXNativeTarget "接口" */;
			buildPhases = (
				35C77221217030030042F182 /* Sources */,
				35C77222217030030042F182 /* Frameworks */,
				35C77223217030030042F182 /* CopyFiles */,
			);
			buildRules = (
			);
			dependencies = (
			);
			name = "接口";
			productName = "接口";
			productReference = 35C77225217030030042F182 /* 接口 */;
			productType = "com.apple.product-type.tool";
		};
		35C7722F217032D50042F182 /* 文件和流 */ = {
			isa = PBXNativeTarget;
			buildConfigurationList = 35C77234217032D50042F182 /* Build configuration list for PBXNativeTarget "文件和流" */;
			buildPhases = (
				35C7722C217032D50042F182 /* Sources */,
				35C7722D217032D50042F182 /* Frameworks */,
				35C7722E217032D50042F182 /* CopyFiles */,
			);
			buildRules = (
			);
			dependencies = (
			);
			name = "文件和流";
			productName = "文件和流";
			productReference = 35C77230217032D50042F182 /* 文件和流 */;
			productType = "com.apple.product-type.tool";
		};
		35C7723A21703F010042F182 /* 泛型-模板 */ = {
			isa = PBXNativeTarget;
			buildConfigurationList = 35C7723F21703F010042F182 /* Build configuration list for PBXNativeTarget "泛型-模板" */;
			buildPhases = (
				35C7723721703F010042F182 /* Sources */,
				35C7723821703F010042F182 /* Frameworks */,
				35C7723921703F010042F182 /* CopyFiles */,
			);
			buildRules = (
			);
			dependencies = (
			);
			name = "泛型-模板";
			productName = "泛型-模板";
			productReference = 35C7723B21703F010042F182 /* 泛型-模板 */;
			productType = "com.apple.product-type.tool";
		};
		35C77245217046EC0042F182 /* 信号处理 */ = {
			isa = PBXNativeTarget;
			buildConfigurationList = 35C7724A217046EC0042F182 /* Build configuration list for PBXNativeTarget "信号处理" */;
			buildPhases = (
				35C77242217046EC0042F182 /* Sources */,
				35C77243217046EC0042F182 /* Frameworks */,
				35C77244217046EC0042F182 /* CopyFiles */,
			);
			buildRules = (
			);
			dependencies = (
			);
			name = "信号处理";
			productName = "信号处理";
			productReference = 35C77246217046EC0042F182 /* 信号处理 */;
			productType = "com.apple.product-type.tool";
		};
		35C77250217049910042F182 /* 多线程 */ = {
			isa = PBXNativeTarget;
			buildConfigurationList = 35C77255217049920042F182 /* Build configuration list for PBXNativeTarget "多线程" */;
			buildPhases = (
				35C7724D217049910042F182 /* Sources */,
				35C7724E217049910042F182 /* Frameworks */,
				35C7724F217049910042F182 /* CopyFiles */,
			);
			buildRules = (
			);
			dependencies = (
			);
			name = "多线程";
			productName = "多线程";
			productReference = 35C77251217049910042F182 /* 多线程 */;
			productType = "com.apple.product-type.tool";
		};
		35C7725B21704C610042F182 /* 图书管理系统 */ = {
			isa = PBXNativeTarget;
			buildConfigurationList = 35C7726021704C610042F182 /* Build configuration list for PBXNativeTarget "图书管理系统" */;
			buildPhases = (
				35C7725821704C610042F182 /* Sources */,
				35C7725921704C610042F182 /* Frameworks */,
				35C7725A21704C610042F182 /* CopyFiles */,
			);
			buildRules = (
			);
			dependencies = (
			);
			name = "图书管理系统";
			productName = "图书管理系统";
			productReference = 35C7725C21704C610042F182 /* 图书管理系统 */;
			productType = "com.apple.product-type.tool";
		};
/* End PBXNativeTarget section */

/* Begin PBXProject section */
		353286BA208AE52900026498 /* Project object */ = {
			isa = PBXProject;
			attributes = {
				LastUpgradeCheck = 0920;
				ORGANIZATIONNAME = wz;
				TargetAttributes = {
					353286C1208AE52900026498 = {
						CreatedOnToolsVersion = 9.2;
						ProvisioningStyle = Automatic;
					};
					353E0FA220A302870030F6D4 = {
						CreatedOnToolsVersion = 9.2;
						ProvisioningStyle = Automatic;
					};
					35BA90A4208D87C60033F536 = {
						CreatedOnToolsVersion = 9.2;
						ProvisioningStyle = Automatic;
					};
					35C77219216F7CB90042F182 = {
						CreatedOnToolsVersion = 9.4;
						ProvisioningStyle = Automatic;
					};
					35C77224217030030042F182 = {
						CreatedOnToolsVersion = 9.4;
						ProvisioningStyle = Automatic;
					};
					35C7722F217032D50042F182 = {
						CreatedOnToolsVersion = 9.4;
						ProvisioningStyle = Automatic;
					};
					35C7723A21703F010042F182 = {
						CreatedOnToolsVersion = 9.4;
						ProvisioningStyle = Automatic;
					};
					35C77245217046EC0042F182 = {
						CreatedOnToolsVersion = 9.4;
						ProvisioningStyle = Automatic;
					};
					35C77250217049910042F182 = {
						CreatedOnToolsVersion = 9.4;
						ProvisioningStyle = Automatic;
					};
					35C7725B21704C610042F182 = {
						CreatedOnToolsVersion = 9.4;
						ProvisioningStyle = Automatic;
					};
				};
			};
			buildConfigurationList = 353286BD208AE52900026498 /* Build configuration list for PBXProject "cppDemos" */;
			compatibilityVersion = "Xcode 8.0";
			developmentRegion = en;
			hasScannedForEncodings = 0;
			knownRegions = (
				en,
			);
			mainGroup = 353286B9208AE52900026498;
			productRefGroup = 353286C3208AE52900026498 /* Products */;
			projectDirPath = "";
			projectRoot = "";
			targets = (
				353286C1208AE52900026498 /* cppDemos */,
				35BA90A4208D87C60033F536 /* class */,
				353E0FA220A302870030F6D4 /* Array */,
				35C77219216F7CB90042F182 /* 结构体 */,
				35C77224217030030042F182 /* 接口 */,
				35C7722F217032D50042F182 /* 文件和流 */,
				35C7723A21703F010042F182 /* 泛型-模板 */,
				35C77245217046EC0042F182 /* 信号处理 */,
				35C77250217049910042F182 /* 多线程 */,
				35C7725B21704C610042F182 /* 图书管理系统 */,
			);
		};
/* End PBXProject section */

/* Begin PBXSourcesBuildPhase section */
		353286BE208AE52900026498 /* Sources */ = {
			isa = PBXSourcesBuildPhase;
			buildActionMask = 2147483647;
			files = (
				353286C6208AE52900026498 /* main.cpp in Sources */,
			);
			runOnlyForDeploymentPostprocessing = 0;
		};
		353E0F9F20A302870030F6D4 /* Sources */ = {
			isa = PBXSourcesBuildPhase;
			buildActionMask = 2147483647;
			files = (
				353E0FA620A302870030F6D4 /* main.cpp in Sources */,
				353E0FAC20A302A30030F6D4 /* Array.cpp in Sources */,
			);
			runOnlyForDeploymentPostprocessing = 0;
		};
		35BA90A1208D87C60033F536 /* Sources */ = {
			isa = PBXSourcesBuildPhase;
			buildActionMask = 2147483647;
			files = (
				35BA90AE208D87EF0033F536 /* main.cpp in Sources */,
			);
			runOnlyForDeploymentPostprocessing = 0;
		};
		35C77216216F7CB90042F182 /* Sources */ = {
			isa = PBXSourcesBuildPhase;
			buildActionMask = 2147483647;
			files = (
				35C7721D216F7CB90042F182 /* main.cpp in Sources */,
			);
			runOnlyForDeploymentPostprocessing = 0;
		};
		35C77221217030030042F182 /* Sources */ = {
			isa = PBXSourcesBuildPhase;
			buildActionMask = 2147483647;
			files = (
				35C77228217030030042F182 /* main.cpp in Sources */,
			);
			runOnlyForDeploymentPostprocessing = 0;
		};
		35C7722C217032D50042F182 /* Sources */ = {
			isa = PBXSourcesBuildPhase;
			buildActionMask = 2147483647;
			files = (
				35C77233217032D50042F182 /* main.cpp in Sources */,
			);
			runOnlyForDeploymentPostprocessing = 0;
		};
		35C7723721703F010042F182 /* Sources */ = {
			isa = PBXSourcesBuildPhase;
			buildActionMask = 2147483647;
			files = (
				35C7723E21703F010042F182 /* main.cpp in Sources */,
			);
			runOnlyForDeploymentPostprocessing = 0;
		};
		35C77242217046EC0042F182 /* Sources */ = {
			isa = PBXSourcesBuildPhase;
			buildActionMask = 2147483647;
			files = (
				35C77249217046EC0042F182 /* main.cpp in Sources */,
			);
			runOnlyForDeploymentPostprocessing = 0;
		};
		35C7724D217049910042F182 /* Sources */ = {
			isa = PBXSourcesBuildPhase;
			buildActionMask = 2147483647;
			files = (
				35C77254217049920042F182 /* main.cpp in Sources */,
			);
			runOnlyForDeploymentPostprocessing = 0;
		};
		35C7725821704C610042F182 /* Sources */ = {
			isa = PBXSourcesBuildPhase;
			buildActionMask = 2147483647;
			files = (
				35C7725F21704C610042F182 /* main.cpp in Sources */,
			);
			runOnlyForDeploymentPostprocessing = 0;
		};
/* End PBXSourcesBuildPhase section */

/* Begin XCBuildConfiguration section */
		353286C7208AE52900026498 /* Debug */ = {
			isa = XCBuildConfiguration;
			buildSettings = {
				ALWAYS_SEARCH_USER_PATHS = NO;
				CLANG_ANALYZER_NONNULL = YES;
				CLANG_ANALYZER_NUMBER_OBJECT_CONVERSION = YES_AGGRESSIVE;
				CLANG_CXX_LANGUAGE_STANDARD = "gnu++14";
				CLANG_CXX_LIBRARY = "libc++";
				CLANG_ENABLE_MODULES = YES;
				CLANG_ENABLE_OBJC_ARC = YES;
				CLANG_WARN_BLOCK_CAPTURE_AUTORELEASING = YES;
				CLANG_WARN_BOOL_CONVERSION = YES;
				CLANG_WARN_COMMA = YES;
				CLANG_WARN_CONSTANT_CONVERSION = YES;
				CLANG_WARN_DIRECT_OBJC_ISA_USAGE = YES_ERROR;
				CLANG_WARN_DOCUMENTATION_COMMENTS = YES;
				CLANG_WARN_EMPTY_BODY = YES;
				CLANG_WARN_ENUM_CONVERSION = YES;
				CLANG_WARN_INFINITE_RECURSION = YES;
				CLANG_WARN_INT_CONVERSION = YES;
				CLANG_WARN_NON_LITERAL_NULL_CONVERSION = YES;
				CLANG_WARN_OBJC_LITERAL_CONVERSION = YES;
				CLANG_WARN_OBJC_ROOT_CLASS = YES_ERROR;
				CLANG_WARN_RANGE_LOOP_ANALYSIS = YES;
				CLANG_WARN_STRICT_PROTOTYPES = YES;
				CLANG_WARN_SUSPICIOUS_MOVE = YES;
				CLANG_WARN_UNGUARDED_AVAILABILITY = YES_AGGRESSIVE;
				CLANG_WARN_UNREACHABLE_CODE = YES;
				CLANG_WARN__DUPLICATE_METHOD_MATCH = YES;
				CODE_SIGN_IDENTITY = "Mac Developer";
				COPY_PHASE_STRIP = NO;
				DEBUG_INFORMATION_FORMAT = dwarf;
				ENABLE_STRICT_OBJC_MSGSEND = YES;
				ENABLE_TESTABILITY = YES;
				GCC_C_LANGUAGE_STANDARD = gnu11;
				GCC_DYNAMIC_NO_PIC = NO;
				GCC_NO_COMMON_BLOCKS = YES;
				GCC_OPTIMIZATION_LEVEL = 0;
				GCC_PREPROCESSOR_DEFINITIONS = (
					"DEBUG=1",
					"$(inherited)",
				);
				GCC_WARN_64_TO_32_BIT_CONVERSION = YES;
				GCC_WARN_ABOUT_RETURN_TYPE = YES_ERROR;
				GCC_WARN_UNDECLARED_SELECTOR = YES;
				GCC_WARN_UNINITIALIZED_AUTOS = YES_AGGRESSIVE;
				GCC_WARN_UNUSED_FUNCTION = YES;
				GCC_WARN_UNUSED_VARIABLE = YES;
				MACOSX_DEPLOYMENT_TARGET = 10.12;
				MTL_ENABLE_DEBUG_INFO = YES;
				ONLY_ACTIVE_ARCH = YES;
				SDKROOT = macosx;
			};
			name = Debug;
		};
		353286C8208AE52900026498 /* Release */ = {
			isa = XCBuildConfiguration;
			buildSettings = {
				ALWAYS_SEARCH_USER_PATHS = NO;
				CLANG_ANALYZER_NONNULL = YES;
				CLANG_ANALYZER_NUMBER_OBJECT_CONVERSION = YES_AGGRESSIVE;
				CLANG_CXX_LANGUAGE_STANDARD = "gnu++14";
				CLANG_CXX_LIBRARY = "libc++";
				CLANG_ENABLE_MODULES = YES;
				CLANG_ENABLE_OBJC_ARC = YES;
				CLANG_WARN_BLOCK_CAPTURE_AUTORELEASING = YES;
				CLANG_WARN_BOOL_CONVERSION = YES;
				CLANG_WARN_COMMA = YES;
				CLANG_WARN_CONSTANT_CONVERSION = YES;
				CLANG_WARN_DIRECT_OBJC_ISA_USAGE = YES_ERROR;
				CLANG_WARN_DOCUMENTATION_COMMENTS = YES;
				CLANG_WARN_EMPTY_BODY = YES;
				CLANG_WARN_ENUM_CONVERSION = YES;
				CLANG_WARN_INFINITE_RECURSION = YES;
				CLANG_WARN_INT_CONVERSION = YES;
				CLANG_WARN_NON_LITERAL_NULL_CONVERSION = YES;
				CLANG_WARN_OBJC_LITERAL_CONVERSION = YES;
				CLANG_WARN_OBJC_ROOT_CLASS = YES_ERROR;
				CLANG_WARN_RANGE_LOOP_ANALYSIS = YES;
				CLANG_WARN_STRICT_PROTOTYPES = YES;
				CLANG_WARN_SUSPICIOUS_MOVE = YES;
				CLANG_WARN_UNGUARDED_AVAILABILITY = YES_AGGRESSIVE;
				CLANG_WARN_UNREACHABLE_CODE = YES;
				CLANG_WARN__DUPLICATE_METHOD_MATCH = YES;
				CODE_SIGN_IDENTITY = "Mac Developer";
				COPY_PHASE_STRIP = NO;
				DEBUG_INFORMATION_FORMAT = "dwarf-with-dsym";
				ENABLE_NS_ASSERTIONS = NO;
				ENABLE_STRICT_OBJC_MSGSEND = YES;
				GCC_C_LANGUAGE_STANDARD = gnu11;
				GCC_NO_COMMON_BLOCKS = YES;
				GCC_WARN_64_TO_32_BIT_CONVERSION = YES;
				GCC_WARN_ABOUT_RETURN_TYPE = YES_ERROR;
				GCC_WARN_UNDECLARED_SELECTOR = YES;
				GCC_WARN_UNINITIALIZED_AUTOS = YES_AGGRESSIVE;
				GCC_WARN_UNUSED_FUNCTION = YES;
				GCC_WARN_UNUSED_VARIABLE = YES;
				MACOSX_DEPLOYMENT_TARGET = 10.12;
				MTL_ENABLE_DEBUG_INFO = NO;
				SDKROOT = macosx;
			};
			name = Release;
		};
		353286CA208AE52900026498 /* Debug */ = {
			isa = XCBuildConfiguration;
			buildSettings = {
				CODE_SIGN_STYLE = Automatic;
				DEVELOPMENT_TEAM = 65RJX5V69R;
				PRODUCT_NAME = "$(TARGET_NAME)";
			};
			name = Debug;
		};
		353286CB208AE52900026498 /* Release */ = {
			isa = XCBuildConfiguration;
			buildSettings = {
				CODE_SIGN_STYLE = Automatic;
				DEVELOPMENT_TEAM = 65RJX5V69R;
				PRODUCT_NAME = "$(TARGET_NAME)";
			};
			name = Release;
		};
		353E0FA820A302870030F6D4 /* Debug */ = {
			isa = XCBuildConfiguration;
			buildSettings = {
				CODE_SIGN_STYLE = Automatic;
				DEVELOPMENT_TEAM = 65RJX5V69R;
				PRODUCT_NAME = "$(TARGET_NAME)";
			};
			name = Debug;
		};
		353E0FA920A302870030F6D4 /* Release */ = {
			isa = XCBuildConfiguration;
			buildSettings = {
				CODE_SIGN_STYLE = Automatic;
				DEVELOPMENT_TEAM = 65RJX5V69R;
				PRODUCT_NAME = "$(TARGET_NAME)";
			};
			name = Release;
		};
		35BA90A9208D87C60033F536 /* Debug */ = {
			isa = XCBuildConfiguration;
			buildSettings = {
				CODE_SIGN_STYLE = Automatic;
				DEVELOPMENT_TEAM = 65RJX5V69R;
				PRODUCT_NAME = "$(TARGET_NAME)";
			};
			name = Debug;
		};
		35BA90AA208D87C60033F536 /* Release */ = {
			isa = XCBuildConfiguration;
			buildSettings = {
				CODE_SIGN_STYLE = Automatic;
				DEVELOPMENT_TEAM = 65RJX5V69R;
				PRODUCT_NAME = "$(TARGET_NAME)";
			};
			name = Release;
		};
		35C7721F216F7CB90042F182 /* Debug */ = {
			isa = XCBuildConfiguration;
			buildSettings = {
				CLANG_ENABLE_OBJC_WEAK = YES;
				CLANG_WARN_DEPRECATED_OBJC_IMPLEMENTATIONS = YES;
				CLANG_WARN_OBJC_IMPLICIT_RETAIN_SELF = YES;
				CODE_SIGN_STYLE = Automatic;
				DEVELOPMENT_TEAM = 65RJX5V69R;
				MACOSX_DEPLOYMENT_TARGET = 10.14;
				PRODUCT_NAME = "$(TARGET_NAME)";
			};
			name = Debug;
		};
		35C77220216F7CB90042F182 /* Release */ = {
			isa = XCBuildConfiguration;
			buildSettings = {
				CLANG_ENABLE_OBJC_WEAK = YES;
				CLANG_WARN_DEPRECATED_OBJC_IMPLEMENTATIONS = YES;
				CLANG_WARN_OBJC_IMPLICIT_RETAIN_SELF = YES;
				CODE_SIGN_STYLE = Automatic;
				DEVELOPMENT_TEAM = 65RJX5V69R;
				MACOSX_DEPLOYMENT_TARGET = 10.14;
				PRODUCT_NAME = "$(TARGET_NAME)";
			};
			name = Release;
		};
		35C7722A217030030042F182 /* Debug */ = {
			isa = XCBuildConfiguration;
			buildSettings = {
				CLANG_ENABLE_OBJC_WEAK = YES;
				CLANG_WARN_DEPRECATED_OBJC_IMPLEMENTATIONS = YES;
				CLANG_WARN_OBJC_IMPLICIT_RETAIN_SELF = YES;
				CODE_SIGN_STYLE = Automatic;
				DEVELOPMENT_TEAM = 65RJX5V69R;
				MACOSX_DEPLOYMENT_TARGET = 10.14;
				PRODUCT_NAME = "$(TARGET_NAME)";
			};
			name = Debug;
		};
		35C7722B217030030042F182 /* Release */ = {
			isa = XCBuildConfiguration;
			buildSettings = {
				CLANG_ENABLE_OBJC_WEAK = YES;
				CLANG_WARN_DEPRECATED_OBJC_IMPLEMENTATIONS = YES;
				CLANG_WARN_OBJC_IMPLICIT_RETAIN_SELF = YES;
				CODE_SIGN_STYLE = Automatic;
				DEVELOPMENT_TEAM = 65RJX5V69R;
				MACOSX_DEPLOYMENT_TARGET = 10.14;
				PRODUCT_NAME = "$(TARGET_NAME)";
			};
			name = Release;
		};
		35C77235217032D50042F182 /* Debug */ = {
			isa = XCBuildConfiguration;
			buildSettings = {
				CLANG_ENABLE_OBJC_WEAK = YES;
				CLANG_WARN_DEPRECATED_OBJC_IMPLEMENTATIONS = YES;
				CLANG_WARN_OBJC_IMPLICIT_RETAIN_SELF = YES;
				CODE_SIGN_STYLE = Automatic;
				DEVELOPMENT_TEAM = 65RJX5V69R;
				MACOSX_DEPLOYMENT_TARGET = 10.14;
				PRODUCT_NAME = "$(TARGET_NAME)";
			};
			name = Debug;
		};
		35C77236217032D50042F182 /* Release */ = {
			isa = XCBuildConfiguration;
			buildSettings = {
				CLANG_ENABLE_OBJC_WEAK = YES;
				CLANG_WARN_DEPRECATED_OBJC_IMPLEMENTATIONS = YES;
				CLANG_WARN_OBJC_IMPLICIT_RETAIN_SELF = YES;
				CODE_SIGN_STYLE = Automatic;
				DEVELOPMENT_TEAM = 65RJX5V69R;
				MACOSX_DEPLOYMENT_TARGET = 10.14;
				PRODUCT_NAME = "$(TARGET_NAME)";
			};
			name = Release;
		};
		35C7724021703F010042F182 /* Debug */ = {
			isa = XCBuildConfiguration;
			buildSettings = {
				CLANG_ENABLE_OBJC_WEAK = YES;
				CLANG_WARN_DEPRECATED_OBJC_IMPLEMENTATIONS = YES;
				CLANG_WARN_OBJC_IMPLICIT_RETAIN_SELF = YES;
				CODE_SIGN_STYLE = Automatic;
				DEVELOPMENT_TEAM = 65RJX5V69R;
				MACOSX_DEPLOYMENT_TARGET = 10.14;
				PRODUCT_NAME = "$(TARGET_NAME)";
			};
			name = Debug;
		};
		35C7724121703F010042F182 /* Release */ = {
			isa = XCBuildConfiguration;
			buildSettings = {
				CLANG_ENABLE_OBJC_WEAK = YES;
				CLANG_WARN_DEPRECATED_OBJC_IMPLEMENTATIONS = YES;
				CLANG_WARN_OBJC_IMPLICIT_RETAIN_SELF = YES;
				CODE_SIGN_STYLE = Automatic;
				DEVELOPMENT_TEAM = 65RJX5V69R;
				MACOSX_DEPLOYMENT_TARGET = 10.14;
				PRODUCT_NAME = "$(TARGET_NAME)";
			};
			name = Release;
		};
		35C7724B217046EC0042F182 /* Debug */ = {
			isa = XCBuildConfiguration;
			buildSettings = {
				CLANG_ENABLE_OBJC_WEAK = YES;
				CLANG_WARN_DEPRECATED_OBJC_IMPLEMENTATIONS = YES;
				CLANG_WARN_OBJC_IMPLICIT_RETAIN_SELF = YES;
				CODE_SIGN_STYLE = Automatic;
				DEVELOPMENT_TEAM = 65RJX5V69R;
				MACOSX_DEPLOYMENT_TARGET = 10.14;
				PRODUCT_NAME = "$(TARGET_NAME)";
			};
			name = Debug;
		};
		35C7724C217046EC0042F182 /* Release */ = {
			isa = XCBuildConfiguration;
			buildSettings = {
				CLANG_ENABLE_OBJC_WEAK = YES;
				CLANG_WARN_DEPRECATED_OBJC_IMPLEMENTATIONS = YES;
				CLANG_WARN_OBJC_IMPLICIT_RETAIN_SELF = YES;
				CODE_SIGN_STYLE = Automatic;
				DEVELOPMENT_TEAM = 65RJX5V69R;
				MACOSX_DEPLOYMENT_TARGET = 10.14;
				PRODUCT_NAME = "$(TARGET_NAME)";
			};
			name = Release;
		};
		35C77256217049920042F182 /* Debug */ = {
			isa = XCBuildConfiguration;
			buildSettings = {
				CLANG_ENABLE_OBJC_WEAK = YES;
				CLANG_WARN_DEPRECATED_OBJC_IMPLEMENTATIONS = YES;
				CLANG_WARN_OBJC_IMPLICIT_RETAIN_SELF = YES;
				CODE_SIGN_STYLE = Automatic;
				DEVELOPMENT_TEAM = 65RJX5V69R;
				MACOSX_DEPLOYMENT_TARGET = 10.14;
				PRODUCT_NAME = "$(TARGET_NAME)";
			};
			name = Debug;
		};
		35C77257217049920042F182 /* Release */ = {
			isa = XCBuildConfiguration;
			buildSettings = {
				CLANG_ENABLE_OBJC_WEAK = YES;
				CLANG_WARN_DEPRECATED_OBJC_IMPLEMENTATIONS = YES;
				CLANG_WARN_OBJC_IMPLICIT_RETAIN_SELF = YES;
				CODE_SIGN_STYLE = Automatic;
				DEVELOPMENT_TEAM = 65RJX5V69R;
				MACOSX_DEPLOYMENT_TARGET = 10.14;
				PRODUCT_NAME = "$(TARGET_NAME)";
			};
			name = Release;
		};
		35C7726121704C610042F182 /* Debug */ = {
			isa = XCBuildConfiguration;
			buildSettings = {
				CLANG_ENABLE_OBJC_WEAK = YES;
				CLANG_WARN_DEPRECATED_OBJC_IMPLEMENTATIONS = YES;
				CLANG_WARN_OBJC_IMPLICIT_RETAIN_SELF = YES;
				CODE_SIGN_STYLE = Automatic;
				DEVELOPMENT_TEAM = 65RJX5V69R;
				MACOSX_DEPLOYMENT_TARGET = 10.14;
				PRODUCT_NAME = "$(TARGET_NAME)";
			};
			name = Debug;
		};
		35C7726221704C610042F182 /* Release */ = {
			isa = XCBuildConfiguration;
			buildSettings = {
				CLANG_ENABLE_OBJC_WEAK = YES;
				CLANG_WARN_DEPRECATED_OBJC_IMPLEMENTATIONS = YES;
				CLANG_WARN_OBJC_IMPLICIT_RETAIN_SELF = YES;
				CODE_SIGN_STYLE = Automatic;
				DEVELOPMENT_TEAM = 65RJX5V69R;
				MACOSX_DEPLOYMENT_TARGET = 10.14;
				PRODUCT_NAME = "$(TARGET_NAME)";
			};
			name = Release;
		};
/* End XCBuildConfiguration section */

/* Begin XCConfigurationList section */
		353286BD208AE52900026498 /* Build configuration list for PBXProject "cppDemos" */ = {
			isa = XCConfigurationList;
			buildConfigurations = (
				353286C7208AE52900026498 /* Debug */,
				353286C8208AE52900026498 /* Release */,
			);
			defaultConfigurationIsVisible = 0;
			defaultConfigurationName = Release;
		};
		353286C9208AE52900026498 /* Build configuration list for PBXNativeTarget "cppDemos" */ = {
			isa = XCConfigurationList;
			buildConfigurations = (
				353286CA208AE52900026498 /* Debug */,
				353286CB208AE52900026498 /* Release */,
			);
			defaultConfigurationIsVisible = 0;
			defaultConfigurationName = Release;
		};
		353E0FA720A302870030F6D4 /* Build configuration list for PBXNativeTarget "Array" */ = {
			isa = XCConfigurationList;
			buildConfigurations = (
				353E0FA820A302870030F6D4 /* Debug */,
				353E0FA920A302870030F6D4 /* Release */,
			);
			defaultConfigurationIsVisible = 0;
			defaultConfigurationName = Release;
		};
		35BA90AB208D87C60033F536 /* Build configuration list for PBXNativeTarget "class" */ = {
			isa = XCConfigurationList;
			buildConfigurations = (
				35BA90A9208D87C60033F536 /* Debug */,
				35BA90AA208D87C60033F536 /* Release */,
			);
			defaultConfigurationIsVisible = 0;
			defaultConfigurationName = Release;
		};
		35C7721E216F7CB90042F182 /* Build configuration list for PBXNativeTarget "结构体" */ = {
			isa = XCConfigurationList;
			buildConfigurations = (
				35C7721F216F7CB90042F182 /* Debug */,
				35C77220216F7CB90042F182 /* Release */,
			);
			defaultConfigurationIsVisible = 0;
			defaultConfigurationName = Release;
		};
		35C77229217030030042F182 /* Build configuration list for PBXNativeTarget "接口" */ = {
			isa = XCConfigurationList;
			buildConfigurations = (
				35C7722A217030030042F182 /* Debug */,
				35C7722B217030030042F182 /* Release */,
			);
			defaultConfigurationIsVisible = 0;
			defaultConfigurationName = Release;
		};
		35C77234217032D50042F182 /* Build configuration list for PBXNativeTarget "文件和流" */ = {
			isa = XCConfigurationList;
			buildConfigurations = (
				35C77235217032D50042F182 /* Debug */,
				35C77236217032D50042F182 /* Release */,
			);
			defaultConfigurationIsVisible = 0;
			defaultConfigurationName = Release;
		};
		35C7723F21703F010042F182 /* Build configuration list for PBXNativeTarget "泛型-模板" */ = {
			isa = XCConfigurationList;
			buildConfigurations = (
				35C7724021703F010042F182 /* Debug */,
				35C7724121703F010042F182 /* Release */,
			);
			defaultConfigurationIsVisible = 0;
			defaultConfigurationName = Release;
		};
		35C7724A217046EC0042F182 /* Build configuration list for PBXNativeTarget "信号处理" */ = {
			isa = XCConfigurationList;
			buildConfigurations = (
				35C7724B217046EC0042F182 /* Debug */,
				35C7724C217046EC0042F182 /* Release */,
			);
			defaultConfigurationIsVisible = 0;
			defaultConfigurationName = Release;
		};
		35C77255217049920042F182 /* Build configuration list for PBXNativeTarget "多线程" */ = {
			isa = XCConfigurationList;
			buildConfigurations = (
				35C77256217049920042F182 /* Debug */,
				35C77257217049920042F182 /* Release */,
			);
			defaultConfigurationIsVisible = 0;
			defaultConfigurationName = Release;
		};
		35C7726021704C610042F182 /* Build configuration list for PBXNativeTarget "图书管理系统" */ = {
			isa = XCConfigurationList;
			buildConfigurations = (
				35C7726121704C610042F182 /* Debug */,
				35C7726221704C610042F182 /* Release */,
			);
			defaultConfigurationIsVisible = 0;
			defaultConfigurationName = Release;
		};
/* End XCConfigurationList section */
	};
	rootObject = 353286BA208AE52900026498 /* Project object */;
}
