// !$*UTF8*$!
{
	archiveVersion = 1;
	classes = {
	};
	objectVersion = 48;
	objects = {

/* Begin PBXBuildFile section */
		0112C57D1E1240BF1739E09E /* Pods_18_CocoaSwiftPlayer.framework in Frameworks */ = {isa = PBXBuildFile; fileRef = 9ABC80B37629ECA9241409BA /* Pods_18_CocoaSwiftPlayer.framework */; };
		350F6D6B1F6D48B50011B48D /* MainWindowController.swift in Sources */ = {isa = PBXBuildFile; fileRef = 350F6D6A1F6D48B50011B48D /* MainWindowController.swift */; };
		350F6D711F6D4A7D0011B48D /* PlayerControlController.swift in Sources */ = {isa = PBXBuildFile; fileRef = 350F6D701F6D4A7D0011B48D /* PlayerControlController.swift */; };
		350F6D741F6D4A8E0011B48D /* PlayListController.swift in Sources */ = {isa = PBXBuildFile; fileRef = 350F6D721F6D4A8E0011B48D /* PlayListController.swift */; };
		350F6D771F6D4AA40011B48D /* SongListController.swift in Sources */ = {isa = PBXBuildFile; fileRef = 350F6D761F6D4AA40011B48D /* SongListController.swift */; };
		350F6D791F6D4AB50011B48D /* StatusMenuController.swift in Sources */ = {isa = PBXBuildFile; fileRef = 350F6D781F6D4AB50011B48D /* StatusMenuController.swift */; };
		350F6D7B1F6D4AC40011B48D /* Song.swift in Sources */ = {isa = PBXBuildFile; fileRef = 350F6D7A1F6D4AC40011B48D /* Song.swift */; };
		353E95531F7F835900B76CDF /* PlayList.swift in Sources */ = {isa = PBXBuildFile; fileRef = 353E95521F7F835900B76CDF /* PlayList.swift */; };
		353E95551F7F8C1E00B76CDF /* PlayListCell.swift in Sources */ = {isa = PBXBuildFile; fileRef = 353E95541F7F8C1E00B76CDF /* PlayListCell.swift */; };
		35E670DE1F6D0B910007606C /* AppDelegate.swift in Sources */ = {isa = PBXBuildFile; fileRef = 35E670DD1F6D0B910007606C /* AppDelegate.swift */; };
		35E670E21F6D0B920007606C /* Assets.xcassets in Resources */ = {isa = PBXBuildFile; fileRef = 35E670E11F6D0B920007606C /* Assets.xcassets */; };
		35E670E51F6D0B920007606C /* Main.storyboard in Resources */ = {isa = PBXBuildFile; fileRef = 35E670E31F6D0B920007606C /* Main.storyboard */; };
/* End PBXBuildFile section */

/* Begin PBXFileReference section */
		2E69698A063408C1CD142108 /* Pods-18.CocoaSwiftPlayer.debug.xcconfig */ = {isa = PBXFileReference; includeInIndex = 1; lastKnownFileType = text.xcconfig; name = "Pods-18.CocoaSwiftPlayer.debug.xcconfig"; path = "Pods/Target Support Files/Pods-18.CocoaSwiftPlayer/Pods-18.CocoaSwiftPlayer.debug.xcconfig"; sourceTree = "<group>"; };
		350F6D6A1F6D48B50011B48D /* MainWindowController.swift */ = {isa = PBXFileReference; lastKnownFileType = sourcecode.swift; path = MainWindowController.swift; sourceTree = "<group>"; };
		350F6D701F6D4A7D0011B48D /* PlayerControlController.swift */ = {isa = PBXFileReference; lastKnownFileType = sourcecode.swift; path = PlayerControlController.swift; sourceTree = "<group>"; };
		350F6D721F6D4A8E0011B48D /* PlayListController.swift */ = {isa = PBXFileReference; lastKnownFileType = sourcecode.swift; path = PlayListController.swift; sourceTree = "<group>"; };
		350F6D761F6D4AA40011B48D /* SongListController.swift */ = {isa = PBXFileReference; lastKnownFileType = sourcecode.swift; path = SongListController.swift; sourceTree = "<group>"; };
		350F6D781F6D4AB50011B48D /* StatusMenuController.swift */ = {isa = PBXFileReference; lastKnownFileType = sourcecode.swift; path = StatusMenuController.swift; sourceTree = "<group>"; };
		350F6D7A1F6D4AC40011B48D /* Song.swift */ = {isa = PBXFileReference; lastKnownFileType = sourcecode.swift; path = Song.swift; sourceTree = "<group>"; };
		353E95521F7F835900B76CDF /* PlayList.swift */ = {isa = PBXFileReference; lastKnownFileType = sourcecode.swift; path = PlayList.swift; sourceTree = "<group>"; };
		353E95541F7F8C1E00B76CDF /* PlayListCell.swift */ = {isa = PBXFileReference; lastKnownFileType = sourcecode.swift; path = PlayListCell.swift; sourceTree = "<group>"; };
		35E670DA1F6D0B910007606C /* 18.CocoaSwiftPlayer.app */ = {isa = PBXFileReference; explicitFileType = wrapper.application; includeInIndex = 0; path = 18.CocoaSwiftPlayer.app; sourceTree = BUILT_PRODUCTS_DIR; };
		35E670DD1F6D0B910007606C /* AppDelegate.swift */ = {isa = PBXFileReference; lastKnownFileType = sourcecode.swift; path = AppDelegate.swift; sourceTree = "<group>"; };
		35E670E11F6D0B920007606C /* Assets.xcassets */ = {isa = PBXFileReference; lastKnownFileType = folder.assetcatalog; path = Assets.xcassets; sourceTree = "<group>"; };
		35E670E41F6D0B920007606C /* Base */ = {isa = PBXFileReference; lastKnownFileType = file.storyboard; name = Base; path = Base.lproj/Main.storyboard; sourceTree = "<group>"; };
		35E670E61F6D0B920007606C /* Info.plist */ = {isa = PBXFileReference; lastKnownFileType = text.plist.xml; path = Info.plist; sourceTree = "<group>"; };
		35E670E71F6D0B920007606C /* _8_CocoaSwiftPlayer.entitlements */ = {isa = PBXFileReference; lastKnownFileType = text.plist.entitlements; path = _8_CocoaSwiftPlayer.entitlements; sourceTree = "<group>"; };
		551F8CE480AAB966C4D4655A /* Pods-18.CocoaSwiftPlayer.release.xcconfig */ = {isa = PBXFileReference; includeInIndex = 1; lastKnownFileType = text.xcconfig; name = "Pods-18.CocoaSwiftPlayer.release.xcconfig"; path = "Pods/Target Support Files/Pods-18.CocoaSwiftPlayer/Pods-18.CocoaSwiftPlayer.release.xcconfig"; sourceTree = "<group>"; };
		9ABC80B37629ECA9241409BA /* Pods_18_CocoaSwiftPlayer.framework */ = {isa = PBXFileReference; explicitFileType = wrapper.framework; includeInIndex = 0; path = Pods_18_CocoaSwiftPlayer.framework; sourceTree = BUILT_PRODUCTS_DIR; };
/* End PBXFileReference section */

/* Begin PBXFrameworksBuildPhase section */
		35E670D71F6D0B910007606C /* Frameworks */ = {
			isa = PBXFrameworksBuildPhase;
			buildActionMask = 2147483647;
			files = (
				0112C57D1E1240BF1739E09E /* Pods_18_CocoaSwiftPlayer.framework in Frameworks */,
			);
			runOnlyForDeploymentPostprocessing = 0;
		};
/* End PBXFrameworksBuildPhase section */

/* Begin PBXGroup section */
		350F6D6C1F6D4A600011B48D /* StatusMenuController */ = {
			isa = PBXGroup;
			children = (
				350F6D781F6D4AB50011B48D /* StatusMenuController.swift */,
			);
			path = StatusMenuController;
			sourceTree = "<group>";
		};
		350F6D6D1F6D4A600011B48D /* SongListController */ = {
			isa = PBXGroup;
			children = (
				350F6D761F6D4AA40011B48D /* SongListController.swift */,
			);
			path = SongListController;
			sourceTree = "<group>";
		};
		350F6D6E1F6D4A600011B48D /* PlayerControlController */ = {
			isa = PBXGroup;
			children = (
				350F6D701F6D4A7D0011B48D /* PlayerControlController.swift */,
			);
			path = PlayerControlController;
			sourceTree = "<group>";
		};
		350F6D6F1F6D4A600011B48D /* PlayerListController */ = {
			isa = PBXGroup;
			children = (
				350F6D721F6D4A8E0011B48D /* PlayListController.swift */,
				353E95521F7F835900B76CDF /* PlayList.swift */,
				353E95541F7F8C1E00B76CDF /* PlayListCell.swift */,
			);
			path = PlayerListController;
			sourceTree = "<group>";
		};
		35E670D11F6D0B910007606C = {
			isa = PBXGroup;
			children = (
				35E670DC1F6D0B910007606C /* 18.CocoaSwiftPlayer */,
				35E670ED1F6D0B9C0007606C /* Frameworks */,
				35E670DB1F6D0B910007606C /* Products */,
				8DE6E3307AD26D438D645D0D /* Pods */,
			);
			sourceTree = "<group>";
		};
		35E670DB1F6D0B910007606C /* Products */ = {
			isa = PBXGroup;
			children = (
				35E670DA1F6D0B910007606C /* 18.CocoaSwiftPlayer.app */,
			);
			name = Products;
			sourceTree = "<group>";
		};
		35E670DC1F6D0B910007606C /* 18.CocoaSwiftPlayer */ = {
			isa = PBXGroup;
			children = (
				35E670EE1F6D0BEE0007606C /* Extensions */,
				35E670F01F6D0BEE0007606C /* Helpers */,
				35E670F11F6D0BEE0007606C /* Managers */,
				35E670F21F6D0BEE0007606C /* Models */,
				35E670F31F6D0BEE0007606C /* ViewControllers */,
				35E670EF1F6D0BEE0007606C /* Views */,
				35E670F41F6D0C0F0007606C /* Others */,
				35E670DD1F6D0B910007606C /* AppDelegate.swift */,
				35E670E71F6D0B920007606C /* _8_CocoaSwiftPlayer.entitlements */,
				35E670E61F6D0B920007606C /* Info.plist */,
			);
			path = 18.CocoaSwiftPlayer;
			sourceTree = "<group>";
		};
		35E670ED1F6D0B9C0007606C /* Frameworks */ = {
			isa = PBXGroup;
			children = (
				9ABC80B37629ECA9241409BA /* Pods_18_CocoaSwiftPlayer.framework */,
			);
			name = Frameworks;
			sourceTree = "<group>";
		};
		35E670EE1F6D0BEE0007606C /* Extensions */ = {
			isa = PBXGroup;
			children = (
			);
			path = Extensions;
			sourceTree = "<group>";
		};
		35E670EF1F6D0BEE0007606C /* Views */ = {
			isa = PBXGroup;
			children = (
				35E670E31F6D0B920007606C /* Main.storyboard */,
			);
			path = Views;
			sourceTree = "<group>";
		};
		35E670F01F6D0BEE0007606C /* Helpers */ = {
			isa = PBXGroup;
			children = (
			);
			path = Helpers;
			sourceTree = "<group>";
		};
		35E670F11F6D0BEE0007606C /* Managers */ = {
			isa = PBXGroup;
			children = (
			);
			path = Managers;
			sourceTree = "<group>";
		};
		35E670F21F6D0BEE0007606C /* Models */ = {
			isa = PBXGroup;
			children = (
				350F6D7A1F6D4AC40011B48D /* Song.swift */,
			);
			path = Models;
			sourceTree = "<group>";
		};
		35E670F31F6D0BEE0007606C /* ViewControllers */ = {
			isa = PBXGroup;
			children = (
				350F6D6E1F6D4A600011B48D /* PlayerControlController */,
				350F6D6F1F6D4A600011B48D /* PlayerListController */,
				350F6D6D1F6D4A600011B48D /* SongListController */,
				350F6D6C1F6D4A600011B48D /* StatusMenuController */,
				350F6D6A1F6D48B50011B48D /* MainWindowController.swift */,
			);
			path = ViewControllers;
			sourceTree = "<group>";
		};
		35E670F41F6D0C0F0007606C /* Others */ = {
			isa = PBXGroup;
			children = (
				35E670E11F6D0B920007606C /* Assets.xcassets */,
			);
			path = Others;
			sourceTree = "<group>";
		};
		8DE6E3307AD26D438D645D0D /* Pods */ = {
			isa = PBXGroup;
			children = (
				2E69698A063408C1CD142108 /* Pods-18.CocoaSwiftPlayer.debug.xcconfig */,
				551F8CE480AAB966C4D4655A /* Pods-18.CocoaSwiftPlayer.release.xcconfig */,
			);
			name = Pods;
			sourceTree = "<group>";
		};
/* End PBXGroup section */

/* Begin PBXNativeTarget section */
		35E670D91F6D0B910007606C /* 18.CocoaSwiftPlayer */ = {
			isa = PBXNativeTarget;
			buildConfigurationList = 35E670EA1F6D0B920007606C /* Build configuration list for PBXNativeTarget "18.CocoaSwiftPlayer" */;
			buildPhases = (
				B3770E0D2D5DEB3C196C0FB2 /* [CP] Check Pods Manifest.lock */,
				35E670D61F6D0B910007606C /* Sources */,
				35E670D71F6D0B910007606C /* Frameworks */,
				35E670D81F6D0B910007606C /* Resources */,
				387CF657AAA418C8CD090640 /* [CP] Embed Pods Frameworks */,
				FAE82F9BAC98F21488EFF498 /* [CP] Copy Pods Resources */,
			);
			buildRules = (
			);
			dependencies = (
			);
			name = 18.CocoaSwiftPlayer;
			productName = 18.CocoaSwiftPlayer;
			productReference = 35E670DA1F6D0B910007606C /* 18.CocoaSwiftPlayer.app */;
			productType = "com.apple.product-type.application";
		};
/* End PBXNativeTarget section */

/* Begin PBXProject section */
		35E670D21F6D0B910007606C /* Project object */ = {
			isa = PBXProject;
			attributes = {
				LastSwiftUpdateCheck = 0900;
				LastUpgradeCheck = 0900;
				ORGANIZATIONNAME = cc.onezen;
				TargetAttributes = {
					35E670D91F6D0B910007606C = {
						CreatedOnToolsVersion = 9.0;
					};
				};
			};
			buildConfigurationList = 35E670D51F6D0B910007606C /* Build configuration list for PBXProject "18.CocoaSwiftPlayer" */;
			compatibilityVersion = "Xcode 8.0";
			developmentRegion = en;
			hasScannedForEncodings = 0;
			knownRegions = (
				en,
				Base,
			);
			mainGroup = 35E670D11F6D0B910007606C;
			productRefGroup = 35E670DB1F6D0B910007606C /* Products */;
			projectDirPath = "";
			projectRoot = "";
			targets = (
				35E670D91F6D0B910007606C /* 18.CocoaSwiftPlayer */,
			);
		};
/* End PBXProject section */

/* Begin PBXResourcesBuildPhase section */
		35E670D81F6D0B910007606C /* Resources */ = {
			isa = PBXResourcesBuildPhase;
			buildActionMask = 2147483647;
			files = (
				35E670E21F6D0B920007606C /* Assets.xcassets in Resources */,
				35E670E51F6D0B920007606C /* Main.storyboard in Resources */,
			);
			runOnlyForDeploymentPostprocessing = 0;
		};
/* End PBXResourcesBuildPhase section */

/* Begin PBXShellScriptBuildPhase section */
		387CF657AAA418C8CD090640 /* [CP] Embed Pods Frameworks */ = {
			isa = PBXShellScriptBuildPhase;
			buildActionMask = 2147483647;
			files = (
			);
			inputPaths = (
				"${SRCROOT}/Pods/Target Support Files/Pods-18.CocoaSwiftPlayer/Pods-18.CocoaSwiftPlayer-frameworks.sh",
				"${BUILT_PRODUCTS_DIR}/Realm/Realm.framework",
				"${BUILT_PRODUCTS_DIR}/RealmSwift/RealmSwift.framework",
			);
			name = "[CP] Embed Pods Frameworks";
			outputPaths = (
				"${TARGET_BUILD_DIR}/${FRAMEWORKS_FOLDER_PATH}/Realm.framework",
				"${TARGET_BUILD_DIR}/${FRAMEWORKS_FOLDER_PATH}/RealmSwift.framework",
			);
			runOnlyForDeploymentPostprocessing = 0;
			shellPath = /bin/sh;
			shellScript = "\"${SRCROOT}/Pods/Target Support Files/Pods-18.CocoaSwiftPlayer/Pods-18.CocoaSwiftPlayer-frameworks.sh\"\n";
			showEnvVarsInLog = 0;
		};
		B3770E0D2D5DEB3C196C0FB2 /* [CP] Check Pods Manifest.lock */ = {
			isa = PBXShellScriptBuildPhase;
			buildActionMask = 2147483647;
			files = (
			);
			inputPaths = (
				"${PODS_PODFILE_DIR_PATH}/Podfile.lock",
				"${PODS_ROOT}/Manifest.lock",
			);
			name = "[CP] Check Pods Manifest.lock";
			outputPaths = (
				"$(DERIVED_FILE_DIR)/Pods-18.CocoaSwiftPlayer-checkManifestLockResult.txt",
			);
			runOnlyForDeploymentPostprocessing = 0;
			shellPath = /bin/sh;
			shellScript = "diff \"${PODS_PODFILE_DIR_PATH}/Podfile.lock\" \"${PODS_ROOT}/Manifest.lock\" > /dev/null\nif [ $? != 0 ] ; then\n    # print error to STDERR\n    echo \"error: The sandbox is not in sync with the Podfile.lock. Run 'pod install' or update your CocoaPods installation.\" >&2\n    exit 1\nfi\n# This output is used by Xcode 'outputs' to avoid re-running this script phase.\necho \"SUCCESS\" > \"${SCRIPT_OUTPUT_FILE_0}\"\n";
			showEnvVarsInLog = 0;
		};
		FAE82F9BAC98F21488EFF498 /* [CP] Copy Pods Resources */ = {
			isa = PBXShellScriptBuildPhase;
			buildActionMask = 2147483647;
			files = (
			);
			inputPaths = (
			);
			name = "[CP] Copy Pods Resources";
			outputPaths = (
			);
			runOnlyForDeploymentPostprocessing = 0;
			shellPath = /bin/sh;
			shellScript = "\"${SRCROOT}/Pods/Target Support Files/Pods-18.CocoaSwiftPlayer/Pods-18.CocoaSwiftPlayer-resources.sh\"\n";
			showEnvVarsInLog = 0;
		};
/* End PBXShellScriptBuildPhase section */

/* Begin PBXSourcesBuildPhase section */
		35E670D61F6D0B910007606C /* Sources */ = {
			isa = PBXSourcesBuildPhase;
			buildActionMask = 2147483647;
			files = (
				350F6D7B1F6D4AC40011B48D /* Song.swift in Sources */,
				350F6D791F6D4AB50011B48D /* StatusMenuController.swift in Sources */,
				353E95551F7F8C1E00B76CDF /* PlayListCell.swift in Sources */,
				350F6D6B1F6D48B50011B48D /* MainWindowController.swift in Sources */,
				353E95531F7F835900B76CDF /* PlayList.swift in Sources */,
				350F6D711F6D4A7D0011B48D /* PlayerControlController.swift in Sources */,
				350F6D741F6D4A8E0011B48D /* PlayListController.swift in Sources */,
				350F6D771F6D4AA40011B48D /* SongListController.swift in Sources */,
				35E670DE1F6D0B910007606C /* AppDelegate.swift in Sources */,
			);
			runOnlyForDeploymentPostprocessing = 0;
		};
/* End PBXSourcesBuildPhase section */

/* Begin PBXVariantGroup section */
		35E670E31F6D0B920007606C /* Main.storyboard */ = {
			isa = PBXVariantGroup;
			children = (
				35E670E41F6D0B920007606C /* Base */,
			);
			name = Main.storyboard;
			sourceTree = "<group>";
		};
/* End PBXVariantGroup section */

/* Begin XCBuildConfiguration section */
		35E670E81F6D0B920007606C /* Debug */ = {
			isa = XCBuildConfiguration;
			buildSettings = {
				ALWAYS_SEARCH_USER_PATHS = NO;
				CLANG_ANALYZER_NONNULL = YES;
				CLANG_ANALYZER_NUMBER_OBJECT_CONVERSION = YES_AGGRESSIVE;
				CLANG_CXX_LANGUAGE_STANDARD = "gnu++14";
				CLANG_CXX_LIBRARY = "libc++";
				CLANG_ENABLE_MODULES = YES;
				CLANG_ENABLE_OBJC_ARC = YES;
				CLANG_WARN_BLOCK_CAPTURE_AUTORELEASING = YES;
				CLANG_WARN_BOOL_CONVERSION = YES;
				CLANG_WARN_COMMA = YES;
				CLANG_WARN_CONSTANT_CONVERSION = YES;
				CLANG_WARN_DIRECT_OBJC_ISA_USAGE = YES_ERROR;
				CLANG_WARN_DOCUMENTATION_COMMENTS = YES;
				CLANG_WARN_EMPTY_BODY = YES;
				CLANG_WARN_ENUM_CONVERSION = YES;
				CLANG_WARN_INFINITE_RECURSION = YES;
				CLANG_WARN_INT_CONVERSION = YES;
				CLANG_WARN_OBJC_ROOT_CLASS = YES_ERROR;
				CLANG_WARN_RANGE_LOOP_ANALYSIS = YES;
				CLANG_WARN_STRICT_PROTOTYPES = YES;
				CLANG_WARN_SUSPICIOUS_MOVE = YES;
				CLANG_WARN_UNGUARDED_AVAILABILITY = YES_AGGRESSIVE;
				CLANG_WARN_UNREACHABLE_CODE = YES;
				CLANG_WARN__DUPLICATE_METHOD_MATCH = YES;
				CODE_SIGN_IDENTITY = "Mac Developer";
				COPY_PHASE_STRIP = NO;
				DEBUG_INFORMATION_FORMAT = dwarf;
				ENABLE_STRICT_OBJC_MSGSEND = YES;
				ENABLE_TESTABILITY = YES;
				GCC_C_LANGUAGE_STANDARD = gnu11;
				GCC_DYNAMIC_NO_PIC = NO;
				GCC_NO_COMMON_BLOCKS = YES;
				GCC_OPTIMIZATION_LEVEL = 0;
				GCC_PREPROCESSOR_DEFINITIONS = (
					"DEBUG=1",
					"$(inherited)",
				);
				GCC_WARN_64_TO_32_BIT_CONVERSION = YES;
				GCC_WARN_ABOUT_RETURN_TYPE = YES_ERROR;
				GCC_WARN_UNDECLARED_SELECTOR = YES;
				GCC_WARN_UNINITIALIZED_AUTOS = YES_AGGRESSIVE;
				GCC_WARN_UNUSED_FUNCTION = YES;
				GCC_WARN_UNUSED_VARIABLE = YES;
				MACOSX_DEPLOYMENT_TARGET = 10.12;
				MTL_ENABLE_DEBUG_INFO = YES;
				ONLY_ACTIVE_ARCH = YES;
				SDKROOT = macosx;
				SWIFT_ACTIVE_COMPILATION_CONDITIONS = DEBUG;
				SWIFT_OPTIMIZATION_LEVEL = "-Onone";
			};
			name = Debug;
		};
		35E670E91F6D0B920007606C /* Release */ = {
			isa = XCBuildConfiguration;
			buildSettings = {
				ALWAYS_SEARCH_USER_PATHS = NO;
				CLANG_ANALYZER_NONNULL = YES;
				CLANG_ANALYZER_NUMBER_OBJECT_CONVERSION = YES_AGGRESSIVE;
				CLANG_CXX_LANGUAGE_STANDARD = "gnu++14";
				CLANG_CXX_LIBRARY = "libc++";
				CLANG_ENABLE_MODULES = YES;
				CLANG_ENABLE_OBJC_ARC = YES;
				CLANG_WARN_BLOCK_CAPTURE_AUTORELEASING = YES;
				CLANG_WARN_BOOL_CONVERSION = YES;
				CLANG_WARN_COMMA = YES;
				CLANG_WARN_CONSTANT_CONVERSION = YES;
				CLANG_WARN_DIRECT_OBJC_ISA_USAGE = YES_ERROR;
				CLANG_WARN_DOCUMENTATION_COMMENTS = YES;
				CLANG_WARN_EMPTY_BODY = YES;
				CLANG_WARN_ENUM_CONVERSION = YES;
				CLANG_WARN_INFINITE_RECURSION = YES;
				CLANG_WARN_INT_CONVERSION = YES;
				CLANG_WARN_OBJC_ROOT_CLASS = YES_ERROR;
				CLANG_WARN_RANGE_LOOP_ANALYSIS = YES;
				CLANG_WARN_STRICT_PROTOTYPES = YES;
				CLANG_WARN_SUSPICIOUS_MOVE = YES;
				CLANG_WARN_UNGUARDED_AVAILABILITY = YES_AGGRESSIVE;
				CLANG_WARN_UNREACHABLE_CODE = YES;
				CLANG_WARN__DUPLICATE_METHOD_MATCH = YES;
				CODE_SIGN_IDENTITY = "Mac Developer";
				COPY_PHASE_STRIP = NO;
				DEBUG_INFORMATION_FORMAT = "dwarf-with-dsym";
				ENABLE_NS_ASSERTIONS = NO;
				ENABLE_STRICT_OBJC_MSGSEND = YES;
				GCC_C_LANGUAGE_STANDARD = gnu11;
				GCC_NO_COMMON_BLOCKS = YES;
				GCC_WARN_64_TO_32_BIT_CONVERSION = YES;
				GCC_WARN_ABOUT_RETURN_TYPE = YES_ERROR;
				GCC_WARN_UNDECLARED_SELECTOR = YES;
				GCC_WARN_UNINITIALIZED_AUTOS = YES_AGGRESSIVE;
				GCC_WARN_UNUSED_FUNCTION = YES;
				GCC_WARN_UNUSED_VARIABLE = YES;
				MACOSX_DEPLOYMENT_TARGET = 10.12;
				MTL_ENABLE_DEBUG_INFO = NO;
				SDKROOT = macosx;
				SWIFT_OPTIMIZATION_LEVEL = "-Owholemodule";
			};
			name = Release;
		};
		35E670EB1F6D0B920007606C /* Debug */ = {
			isa = XCBuildConfiguration;
			baseConfigurationReference = 2E69698A063408C1CD142108 /* Pods-18.CocoaSwiftPlayer.debug.xcconfig */;
			buildSettings = {
				ASSETCATALOG_COMPILER_APPICON_NAME = AppIcon;
				CODE_SIGN_ENTITLEMENTS = 18.CocoaSwiftPlayer/_8_CocoaSwiftPlayer.entitlements;
				COMBINE_HIDPI_IMAGES = YES;
				DEVELOPMENT_TEAM = J4N8RS9Y8V;
				INFOPLIST_FILE = 18.CocoaSwiftPlayer/Info.plist;
				LD_RUNPATH_SEARCH_PATHS = "$(inherited) @executable_path/../Frameworks";
				PRODUCT_BUNDLE_IDENTIFIER = "cc.onezen.-8-CocoaSwiftPlayer";
				PRODUCT_NAME = "$(TARGET_NAME)";
				SWIFT_VERSION = 4.0;
			};
			name = Debug;
		};
		35E670EC1F6D0B920007606C /* Release */ = {
			isa = XCBuildConfiguration;
			baseConfigurationReference = 551F8CE480AAB966C4D4655A /* Pods-18.CocoaSwiftPlayer.release.xcconfig */;
			buildSettings = {
				ASSETCATALOG_COMPILER_APPICON_NAME = AppIcon;
				CODE_SIGN_ENTITLEMENTS = 18.CocoaSwiftPlayer/_8_CocoaSwiftPlayer.entitlements;
				COMBINE_HIDPI_IMAGES = YES;
				DEVELOPMENT_TEAM = J4N8RS9Y8V;
				INFOPLIST_FILE = 18.CocoaSwiftPlayer/Info.plist;
				LD_RUNPATH_SEARCH_PATHS = "$(inherited) @executable_path/../Frameworks";
				PRODUCT_BUNDLE_IDENTIFIER = "cc.onezen.-8-CocoaSwiftPlayer";
				PRODUCT_NAME = "$(TARGET_NAME)";
				SWIFT_VERSION = 4.0;
			};
			name = Release;
		};
/* End XCBuildConfiguration section */

/* Begin XCConfigurationList section */
		35E670D51F6D0B910007606C /* Build configuration list for PBXProject "18.CocoaSwiftPlayer" */ = {
			isa = XCConfigurationList;
			buildConfigurations = (
				35E670E81F6D0B920007606C /* Debug */,
				35E670E91F6D0B920007606C /* Release */,
			);
			defaultConfigurationIsVisible = 0;
			defaultConfigurationName = Release;
		};
		35E670EA1F6D0B920007606C /* Build configuration list for PBXNativeTarget "18.CocoaSwiftPlayer" */ = {
			isa = XCConfigurationList;
			buildConfigurations = (
				35E670EB1F6D0B920007606C /* Debug */,
				35E670EC1F6D0B920007606C /* Release */,
			);
			defaultConfigurationIsVisible = 0;
			defaultConfigurationName = Release;
		};
/* End XCConfigurationList section */
	};
	rootObject = 35E670D21F6D0B910007606C /* Project object */;
}
